
Microsoft Visual Studio Solution File, Format Version 12.00
# Visual Studio Version 16
VisualStudioVersion = 16.0.29123.89
MinimumVisualStudioVersion = 10.0.40219.1
Project("{9A19103F-16F7-4668-BE54-9A1E7A4F7556}") = "OpenTelemetry", "src\OpenTelemetry\OpenTelemetry.csproj", "{AE3E3DF5-4083-4C6E-A840-8271B0ACDE7E}"
EndProject
Project("{9A19103F-16F7-4668-BE54-9A1E7A4F7556}") = "OpenTelemetry.Tests", "test\OpenTelemetry.Tests\OpenTelemetry.Tests.csproj", "{CC62B3C1-5875-4986-A7F6-C4B26E42B0A1}"
EndProject
Project("{2150E333-8FDC-42A3-9474-1A3956D46DE8}") = "Solution Items", "Solution Items", "{B7408D66-487A-40E1-BDB7-BC17BD28F721}"
	ProjectSection(SolutionItems) = preProject
		.editorconfig = .editorconfig
		CHANGELOG.md = CHANGELOG.md
		CONTRIBUTING.md = CONTRIBUTING.md
		Directory.Build.props = Directory.Build.props
		Directory.Build.targets = Directory.Build.targets
		NuGet.config = NuGet.config
		OpenTelemetry.proj = OpenTelemetry.proj
		README.md = README.md
	EndProjectSection
EndProject
Project("{2150E333-8FDC-42A3-9474-1A3956D46DE8}") = "build", "build", "{7CB2F02E-03FA-4FFF-89A5-C51F107623FD}"
	ProjectSection(SolutionItems) = preProject
		build\Common.prod.props = build\Common.prod.props
		build\Common.test.props = build\Common.test.props
		build\debug.snk = build\debug.snk
		build\opentelemetry-icon-color.png = build\opentelemetry-icon-color.png
		build\OpenTelemetry.prod.loose.ruleset = build\OpenTelemetry.prod.loose.ruleset
		build\OpenTelemetry.prod.ruleset = build\OpenTelemetry.prod.ruleset
		build\OpenTelemetry.test.ruleset = build\OpenTelemetry.test.ruleset
		build\stylecop.json = build\stylecop.json
	EndProjectSection
EndProject
Project("{9A19103F-16F7-4668-BE54-9A1E7A4F7556}") = "OpenTelemetry.Exporter.Zipkin", "src\OpenTelemetry.Exporter.Zipkin\OpenTelemetry.Exporter.Zipkin.csproj", "{7EDAE7FA-B44E-42CA-80FA-7DF2FAA2C5DD}"
EndProject
Project("{2150E333-8FDC-42A3-9474-1A3956D46DE8}") = ".vsts", ".vsts", "{61188153-47FB-4567-AC9B-79B2435853EB}"
	ProjectSection(SolutionItems) = preProject
		.vsts\ci-build.yml = .vsts\ci-build.yml
		.vsts\ci-myget-update.yml = .vsts\ci-myget-update.yml
	EndProjectSection
EndProject
Project("{9A19103F-16F7-4668-BE54-9A1E7A4F7556}") = "OpenTelemetry.Api", "src\OpenTelemetry.Api\OpenTelemetry.Api.csproj", "{99F8A331-05E9-45A5-89BA-4C54E825E5B2}"
EndProject
Project("{9A19103F-16F7-4668-BE54-9A1E7A4F7556}") = "OpenTelemetry.Exporter.Prometheus", "src\OpenTelemetry.Exporter.Prometheus\OpenTelemetry.Exporter.Prometheus.csproj", "{AD9B2B54-EC9C-448E-BD3C-EDCC3F7AD022}"
EndProject
Project("{9A19103F-16F7-4668-BE54-9A1E7A4F7556}") = "OpenTelemetry.Instrumentation.Dependencies", "src\OpenTelemetry.Instrumentation.Dependencies\OpenTelemetry.Instrumentation.Dependencies.csproj", "{D3FFBC59-2486-4F8F-BFF1-FA95C84929E1}"
EndProject
Project("{9A19103F-16F7-4668-BE54-9A1E7A4F7556}") = "OpenTelemetry.Instrumentation.Dependencies.Tests", "test\OpenTelemetry.Instrumentation.Dependencies.Tests\OpenTelemetry.Instrumentation.Dependencies.Tests.csproj", "{56E2647A-B814-4BAC-B854-BEA0051B5F2E}"
EndProject
Project("{9A19103F-16F7-4668-BE54-9A1E7A4F7556}") = "OpenTelemetry.Instrumentation.AspNetCore", "src\OpenTelemetry.Instrumentation.AspNetCore\OpenTelemetry.Instrumentation.AspNetCore.csproj", "{752D2182-A351-41D8-99EE-DD363D7D5B43}"
EndProject
Project("{9A19103F-16F7-4668-BE54-9A1E7A4F7556}") = "OpenTelemetry.Instrumentation.AspNetCore.Tests", "test\OpenTelemetry.Instrumentation.AspNetCore.Tests\OpenTelemetry.Instrumentation.AspNetCore.Tests.csproj", "{2A47F6A8-63E5-4237-8046-94CAF321E797}"
EndProject
Project("{2150E333-8FDC-42A3-9474-1A3956D46DE8}") = "testdata", "testdata", "{77C7929A-2EED-4AA6-8705-B5C443C8AA0F}"
EndProject
Project("{9A19103F-16F7-4668-BE54-9A1E7A4F7556}") = "TestApp.AspNetCore.3.1", "test\TestApp.AspNetCore.3.1\TestApp.AspNetCore.3.1.csproj", "{F2F81E76-6A0E-466B-B673-EBBF1A9ED075}"
EndProject
Project("{9A19103F-16F7-4668-BE54-9A1E7A4F7556}") = "OpenTelemetry.Instrumentation.StackExchangeRedis", "src\OpenTelemetry.Instrumentation.StackExchangeRedis\OpenTelemetry.Instrumentation.StackExchangeRedis.csproj", "{6B681D72-D68A-44CC-8C75-53B9A322E6EC}"
EndProject
Project("{9A19103F-16F7-4668-BE54-9A1E7A4F7556}") = "OpenTelemetry.Instrumentation.StackExchangeRedis.Tests", "test\OpenTelemetry.Instrumentation.StackExchangeRedis.Tests\OpenTelemetry.Instrumentation.StackExchangeRedis.Tests.csproj", "{CA98AF29-0852-4ADD-A66B-7E96266EE7B7}"
EndProject
Project("{2150E333-8FDC-42A3-9474-1A3956D46DE8}") = "samples", "samples", "{E359BB2B-9AEC-497D-B321-7DF2450C3B8E}"
EndProject
Project("{2150E333-8FDC-42A3-9474-1A3956D46DE8}") = "LoggingTracer", "LoggingTracer", "{D9C14CDA-5182-4DEA-8606-98FF1A388BD3}"
	ProjectSection(SolutionItems) = preProject
		samples\LoggingTracer\readme.md = samples\LoggingTracer\readme.md
	EndProjectSection
EndProject
Project("{9A19103F-16F7-4668-BE54-9A1E7A4F7556}") = "LoggingTracer", "samples\LoggingTracer\LoggingTracer\LoggingTracer.csproj", "{1EEF77DF-7552-4265-B64C-FA13BC40C256}"
EndProject
Project("{9A19103F-16F7-4668-BE54-9A1E7A4F7556}") = "LoggingTracer.Demo.ConsoleApp", "samples\LoggingTracer\LoggingTracer.Demo.ConsoleApp\LoggingTracer.Demo.ConsoleApp.csproj", "{607B3861-4D69-43EF-84CE-19F18CD5339A}"
EndProject
Project("{9A19103F-16F7-4668-BE54-9A1E7A4F7556}") = "LoggingTracer.Demo.AspNetCore", "samples\LoggingTracer\LoggingTracer.Demo.AspNetCore\LoggingTracer.Demo.AspNetCore.csproj", "{1EB74FCE-55C5-476A-8BB0-C46B77FE1070}"
EndProject
Project("{9A19103F-16F7-4668-BE54-9A1E7A4F7556}") = "OpenTelemetry.Exporter.Jaeger", "src\OpenTelemetry.Exporter.Jaeger\OpenTelemetry.Exporter.Jaeger.csproj", "{8D47E3CF-9AE3-42FE-9084-FEB72D9AD769}"
EndProject
Project("{9A19103F-16F7-4668-BE54-9A1E7A4F7556}") = "OpenTelemetry.Exporter.Jaeger.Tests", "test\OpenTelemetry.Exporter.Jaeger.Tests\OpenTelemetry.Exporter.Jaeger.Tests.csproj", "{21E69213-72D5-453F-BD00-75EF36AC4965}"
EndProject
Project("{9A19103F-16F7-4668-BE54-9A1E7A4F7556}") = "OpenTelemetry.Shims.OpenTracing", "src\OpenTelemetry.Shims.OpenTracing\OpenTelemetry.Shims.OpenTracing.csproj", "{AAC408FE-40EF-4479-97D9-697F2C1A0B28}"
EndProject
Project("{9A19103F-16F7-4668-BE54-9A1E7A4F7556}") = "OpenTelemetry.Shims.OpenTracing.Tests", "test\OpenTelemetry.Shims.OpenTracing.Tests\OpenTelemetry.Shims.OpenTracing.Tests.csproj", "{49A7853F-5B6F-4B65-A781-7D29A1C92164}"
EndProject
Project("{2150E333-8FDC-42A3-9474-1A3956D46DE8}") = "benchmarks", "benchmarks", "{0169B149-FB8B-46F4-9EF7-8A0E69F8FAAF}"
	ProjectSection(SolutionItems) = preProject
		benchmarks\readme.md = benchmarks\readme.md
	EndProjectSection
EndProject
Project("{9A19103F-16F7-4668-BE54-9A1E7A4F7556}") = "Benchmarks", "benchmarks\Benchmarks.csproj", "{CEB7F146-81DC-41DB-8015-140EC6A64E6C}"
EndProject
Project("{9A19103F-16F7-4668-BE54-9A1E7A4F7556}") = "OpenTelemetry.Extensions.Hosting", "src\OpenTelemetry.Extensions.Hosting\OpenTelemetry.Extensions.Hosting.csproj", "{A03102CD-A996-4418-BA19-7141C34B5A7D}"
EndProject
Project("{9A19103F-16F7-4668-BE54-9A1E7A4F7556}") = "OpenTelemetry.Extensions.Hosting.Tests", "test\OpenTelemetry.Extensions.Hosting.Tests\OpenTelemetry.Extensions.Hosting.Tests.csproj", "{4CB1187F-27F2-48F9-83F4-3A7567F73B5F}"
EndProject
Project("{9A19103F-16F7-4668-BE54-9A1E7A4F7556}") = "OpenTelemetry.Exporter.OpenTelemetryProtocol", "src\OpenTelemetry.Exporter.OpenTelemetryProtocol\OpenTelemetry.Exporter.OpenTelemetryProtocol.csproj", "{A38AC295-2745-4B85-8B6B-DCA864CEDD5B}"
EndProject
Project("{9A19103F-16F7-4668-BE54-9A1E7A4F7556}") = "OpenTelemetry.Exporter.Prometheus.Tests", "test\OpenTelemetry.Exporter.Prometheus.Tests\OpenTelemetry.Exporter.Prometheus.Tests.csproj", "{393128EC-454D-45E8-A204-EC54904E5B3F}"
EndProject
Project("{9A19103F-16F7-4668-BE54-9A1E7A4F7556}") = "OpenTelemetry.Exporter.ZPages", "src\OpenTelemetry.Exporter.ZPages\OpenTelemetry.Exporter.ZPages.csproj", "{56A34828-621A-478B-A0B8-C065FE938383}"
EndProject
Project("{9A19103F-16F7-4668-BE54-9A1E7A4F7556}") = "OpenTelemetry.Exporter.Console", "src\OpenTelemetry.Exporter.Console\OpenTelemetry.Exporter.Console.csproj", "{1AFFF251-3B0C-47CA-BE94-937083732C0A}"
EndProject
Project("{9A19103F-16F7-4668-BE54-9A1E7A4F7556}") = "Exporters", "samples\Exporters\Console\Exporters.csproj", "{47318988-CA8B-4C81-B55D-2FA11D295A49}"
EndProject
Project("{9A19103F-16F7-4668-BE54-9A1E7A4F7556}") = "OpenTelemetry.Exporter.Web", "samples\Exporters\Web\OpenTelemetry.Exporter.Web.csproj", "{25C06046-C7D0-46B4-AAAC-90C50C43DE7A}"
EndProject
Project("{9A19103F-16F7-4668-BE54-9A1E7A4F7556}") = "OpenTelemetry.Exporter.Zipkin.Tests", "test\OpenTelemetry.Exporter.Zipkin.Tests\OpenTelemetry.Exporter.Zipkin.Tests.csproj", "{1D778D2E-9523-450E-A6E0-A36897C7E78E}"
EndProject
Project("{FAE04EC0-301F-11D3-BF4B-00C04F79EFBC}") = "OpenTelemetry.Exporter.AspNet.Win", "samples\Exporters\AspNet\OpenTelemetry.Exporter.AspNet.Win.csproj", "{9A4E3A68-904B-4835-A3C8-F664B73098DB}"
EndProject
Project("{9A19103F-16F7-4668-BE54-9A1E7A4F7556}") = "OpenTelemetry.Instrumentation.AspNet.Win", "src\OpenTelemetry.Instrumentation.AspNet.Win\OpenTelemetry.Instrumentation.AspNet.Win.csproj", "{B9EEACDD-CAFA-4B75-A18D-898E7DE21B17}"
EndProject
Project("{9A19103F-16F7-4668-BE54-9A1E7A4F7556}") = "OpenTelemetry.Instrumentation.AspNet.Tests.Win", "test\OpenTelemetry.Instrumentation.AspNet.Tests.Win\OpenTelemetry.Instrumentation.AspNet.Tests.Win.csproj", "{55CBAADE-7040-46D6-A845-F207B4F0E281}"
EndProject
Project("{9A19103F-16F7-4668-BE54-9A1E7A4F7556}") = "OpenTelemetry.Exporter.OpenTelemetryProtocol.Tests", "test\OpenTelemetry.Exporter.OpenTelemetryProtocol.Tests\OpenTelemetry.Exporter.OpenTelemetryProtocol.Tests.csproj", "{7C4026CA-6434-4762-8B77-D657EAEE1325}"
EndProject
Global
	GlobalSection(SolutionConfigurationPlatforms) = preSolution
		Debug|Any CPU = Debug|Any CPU
		Release|Any CPU = Release|Any CPU
	EndGlobalSection
	GlobalSection(ProjectConfigurationPlatforms) = postSolution
		{AE3E3DF5-4083-4C6E-A840-8271B0ACDE7E}.Debug|Any CPU.ActiveCfg = Debug|Any CPU
		{AE3E3DF5-4083-4C6E-A840-8271B0ACDE7E}.Debug|Any CPU.Build.0 = Debug|Any CPU
		{AE3E3DF5-4083-4C6E-A840-8271B0ACDE7E}.Release|Any CPU.ActiveCfg = Release|Any CPU
		{AE3E3DF5-4083-4C6E-A840-8271B0ACDE7E}.Release|Any CPU.Build.0 = Release|Any CPU
		{CC62B3C1-5875-4986-A7F6-C4B26E42B0A1}.Debug|Any CPU.ActiveCfg = Debug|Any CPU
		{CC62B3C1-5875-4986-A7F6-C4B26E42B0A1}.Debug|Any CPU.Build.0 = Debug|Any CPU
		{CC62B3C1-5875-4986-A7F6-C4B26E42B0A1}.Release|Any CPU.ActiveCfg = Release|Any CPU
		{CC62B3C1-5875-4986-A7F6-C4B26E42B0A1}.Release|Any CPU.Build.0 = Release|Any CPU
		{7EDAE7FA-B44E-42CA-80FA-7DF2FAA2C5DD}.Debug|Any CPU.ActiveCfg = Debug|Any CPU
		{7EDAE7FA-B44E-42CA-80FA-7DF2FAA2C5DD}.Debug|Any CPU.Build.0 = Debug|Any CPU
		{7EDAE7FA-B44E-42CA-80FA-7DF2FAA2C5DD}.Release|Any CPU.ActiveCfg = Release|Any CPU
		{7EDAE7FA-B44E-42CA-80FA-7DF2FAA2C5DD}.Release|Any CPU.Build.0 = Release|Any CPU
		{99F8A331-05E9-45A5-89BA-4C54E825E5B2}.Debug|Any CPU.ActiveCfg = Debug|Any CPU
		{99F8A331-05E9-45A5-89BA-4C54E825E5B2}.Debug|Any CPU.Build.0 = Debug|Any CPU
		{99F8A331-05E9-45A5-89BA-4C54E825E5B2}.Release|Any CPU.ActiveCfg = Release|Any CPU
		{99F8A331-05E9-45A5-89BA-4C54E825E5B2}.Release|Any CPU.Build.0 = Release|Any CPU
		{AD9B2B54-EC9C-448E-BD3C-EDCC3F7AD022}.Debug|Any CPU.ActiveCfg = Debug|Any CPU
		{AD9B2B54-EC9C-448E-BD3C-EDCC3F7AD022}.Debug|Any CPU.Build.0 = Debug|Any CPU
		{AD9B2B54-EC9C-448E-BD3C-EDCC3F7AD022}.Release|Any CPU.ActiveCfg = Release|Any CPU
		{AD9B2B54-EC9C-448E-BD3C-EDCC3F7AD022}.Release|Any CPU.Build.0 = Release|Any CPU
		{D3FFBC59-2486-4F8F-BFF1-FA95C84929E1}.Debug|Any CPU.ActiveCfg = Debug|Any CPU
		{D3FFBC59-2486-4F8F-BFF1-FA95C84929E1}.Debug|Any CPU.Build.0 = Debug|Any CPU
		{D3FFBC59-2486-4F8F-BFF1-FA95C84929E1}.Release|Any CPU.ActiveCfg = Release|Any CPU
		{D3FFBC59-2486-4F8F-BFF1-FA95C84929E1}.Release|Any CPU.Build.0 = Release|Any CPU
		{56E2647A-B814-4BAC-B854-BEA0051B5F2E}.Debug|Any CPU.ActiveCfg = Debug|Any CPU
		{56E2647A-B814-4BAC-B854-BEA0051B5F2E}.Debug|Any CPU.Build.0 = Debug|Any CPU
		{56E2647A-B814-4BAC-B854-BEA0051B5F2E}.Release|Any CPU.ActiveCfg = Release|Any CPU
		{56E2647A-B814-4BAC-B854-BEA0051B5F2E}.Release|Any CPU.Build.0 = Release|Any CPU
		{752D2182-A351-41D8-99EE-DD363D7D5B43}.Debug|Any CPU.ActiveCfg = Debug|Any CPU
		{752D2182-A351-41D8-99EE-DD363D7D5B43}.Debug|Any CPU.Build.0 = Debug|Any CPU
		{752D2182-A351-41D8-99EE-DD363D7D5B43}.Release|Any CPU.ActiveCfg = Release|Any CPU
		{752D2182-A351-41D8-99EE-DD363D7D5B43}.Release|Any CPU.Build.0 = Release|Any CPU
		{2A47F6A8-63E5-4237-8046-94CAF321E797}.Debug|Any CPU.ActiveCfg = Debug|Any CPU
		{2A47F6A8-63E5-4237-8046-94CAF321E797}.Debug|Any CPU.Build.0 = Debug|Any CPU
		{2A47F6A8-63E5-4237-8046-94CAF321E797}.Release|Any CPU.ActiveCfg = Release|Any CPU
		{2A47F6A8-63E5-4237-8046-94CAF321E797}.Release|Any CPU.Build.0 = Release|Any CPU
		{F2F81E76-6A0E-466B-B673-EBBF1A9ED075}.Debug|Any CPU.ActiveCfg = Debug|Any CPU
		{F2F81E76-6A0E-466B-B673-EBBF1A9ED075}.Debug|Any CPU.Build.0 = Debug|Any CPU
		{F2F81E76-6A0E-466B-B673-EBBF1A9ED075}.Release|Any CPU.ActiveCfg = Release|Any CPU
		{F2F81E76-6A0E-466B-B673-EBBF1A9ED075}.Release|Any CPU.Build.0 = Release|Any CPU
		{6B681D72-D68A-44CC-8C75-53B9A322E6EC}.Debug|Any CPU.ActiveCfg = Debug|Any CPU
		{6B681D72-D68A-44CC-8C75-53B9A322E6EC}.Debug|Any CPU.Build.0 = Debug|Any CPU
		{6B681D72-D68A-44CC-8C75-53B9A322E6EC}.Release|Any CPU.ActiveCfg = Release|Any CPU
		{6B681D72-D68A-44CC-8C75-53B9A322E6EC}.Release|Any CPU.Build.0 = Release|Any CPU
		{CA98AF29-0852-4ADD-A66B-7E96266EE7B7}.Debug|Any CPU.ActiveCfg = Debug|Any CPU
		{CA98AF29-0852-4ADD-A66B-7E96266EE7B7}.Debug|Any CPU.Build.0 = Debug|Any CPU
		{CA98AF29-0852-4ADD-A66B-7E96266EE7B7}.Release|Any CPU.ActiveCfg = Release|Any CPU
		{CA98AF29-0852-4ADD-A66B-7E96266EE7B7}.Release|Any CPU.Build.0 = Release|Any CPU
		{1EEF77DF-7552-4265-B64C-FA13BC40C256}.Debug|Any CPU.ActiveCfg = Debug|Any CPU
		{1EEF77DF-7552-4265-B64C-FA13BC40C256}.Debug|Any CPU.Build.0 = Debug|Any CPU
		{1EEF77DF-7552-4265-B64C-FA13BC40C256}.Release|Any CPU.ActiveCfg = Release|Any CPU
		{1EEF77DF-7552-4265-B64C-FA13BC40C256}.Release|Any CPU.Build.0 = Release|Any CPU
		{607B3861-4D69-43EF-84CE-19F18CD5339A}.Debug|Any CPU.ActiveCfg = Debug|Any CPU
		{607B3861-4D69-43EF-84CE-19F18CD5339A}.Debug|Any CPU.Build.0 = Debug|Any CPU
		{607B3861-4D69-43EF-84CE-19F18CD5339A}.Release|Any CPU.ActiveCfg = Release|Any CPU
		{607B3861-4D69-43EF-84CE-19F18CD5339A}.Release|Any CPU.Build.0 = Release|Any CPU
		{1EB74FCE-55C5-476A-8BB0-C46B77FE1070}.Debug|Any CPU.ActiveCfg = Debug|Any CPU
		{1EB74FCE-55C5-476A-8BB0-C46B77FE1070}.Debug|Any CPU.Build.0 = Debug|Any CPU
		{1EB74FCE-55C5-476A-8BB0-C46B77FE1070}.Release|Any CPU.ActiveCfg = Release|Any CPU
		{1EB74FCE-55C5-476A-8BB0-C46B77FE1070}.Release|Any CPU.Build.0 = Release|Any CPU
		{8D47E3CF-9AE3-42FE-9084-FEB72D9AD769}.Debug|Any CPU.ActiveCfg = Debug|Any CPU
		{8D47E3CF-9AE3-42FE-9084-FEB72D9AD769}.Debug|Any CPU.Build.0 = Debug|Any CPU
		{8D47E3CF-9AE3-42FE-9084-FEB72D9AD769}.Release|Any CPU.ActiveCfg = Release|Any CPU
		{8D47E3CF-9AE3-42FE-9084-FEB72D9AD769}.Release|Any CPU.Build.0 = Release|Any CPU
		{21E69213-72D5-453F-BD00-75EF36AC4965}.Debug|Any CPU.ActiveCfg = Debug|Any CPU
		{21E69213-72D5-453F-BD00-75EF36AC4965}.Debug|Any CPU.Build.0 = Debug|Any CPU
		{21E69213-72D5-453F-BD00-75EF36AC4965}.Release|Any CPU.ActiveCfg = Release|Any CPU
		{21E69213-72D5-453F-BD00-75EF36AC4965}.Release|Any CPU.Build.0 = Release|Any CPU
		{AAC408FE-40EF-4479-97D9-697F2C1A0B28}.Debug|Any CPU.ActiveCfg = Debug|Any CPU
		{AAC408FE-40EF-4479-97D9-697F2C1A0B28}.Debug|Any CPU.Build.0 = Debug|Any CPU
		{AAC408FE-40EF-4479-97D9-697F2C1A0B28}.Release|Any CPU.ActiveCfg = Release|Any CPU
		{AAC408FE-40EF-4479-97D9-697F2C1A0B28}.Release|Any CPU.Build.0 = Release|Any CPU
		{49A7853F-5B6F-4B65-A781-7D29A1C92164}.Debug|Any CPU.ActiveCfg = Debug|Any CPU
		{49A7853F-5B6F-4B65-A781-7D29A1C92164}.Debug|Any CPU.Build.0 = Debug|Any CPU
		{49A7853F-5B6F-4B65-A781-7D29A1C92164}.Release|Any CPU.ActiveCfg = Release|Any CPU
		{49A7853F-5B6F-4B65-A781-7D29A1C92164}.Release|Any CPU.Build.0 = Release|Any CPU
		{CEB7F146-81DC-41DB-8015-140EC6A64E6C}.Debug|Any CPU.ActiveCfg = Debug|Any CPU
		{CEB7F146-81DC-41DB-8015-140EC6A64E6C}.Debug|Any CPU.Build.0 = Debug|Any CPU
		{CEB7F146-81DC-41DB-8015-140EC6A64E6C}.Release|Any CPU.ActiveCfg = Release|Any CPU
		{CEB7F146-81DC-41DB-8015-140EC6A64E6C}.Release|Any CPU.Build.0 = Release|Any CPU
		{A03102CD-A996-4418-BA19-7141C34B5A7D}.Debug|Any CPU.ActiveCfg = Debug|Any CPU
		{A03102CD-A996-4418-BA19-7141C34B5A7D}.Debug|Any CPU.Build.0 = Debug|Any CPU
		{A03102CD-A996-4418-BA19-7141C34B5A7D}.Release|Any CPU.ActiveCfg = Release|Any CPU
		{A03102CD-A996-4418-BA19-7141C34B5A7D}.Release|Any CPU.Build.0 = Release|Any CPU
		{4CB1187F-27F2-48F9-83F4-3A7567F73B5F}.Debug|Any CPU.ActiveCfg = Debug|Any CPU
		{4CB1187F-27F2-48F9-83F4-3A7567F73B5F}.Debug|Any CPU.Build.0 = Debug|Any CPU
		{4CB1187F-27F2-48F9-83F4-3A7567F73B5F}.Release|Any CPU.ActiveCfg = Release|Any CPU
		{4CB1187F-27F2-48F9-83F4-3A7567F73B5F}.Release|Any CPU.Build.0 = Release|Any CPU
		{A38AC295-2745-4B85-8B6B-DCA864CEDD5B}.Debug|Any CPU.ActiveCfg = Debug|Any CPU
		{A38AC295-2745-4B85-8B6B-DCA864CEDD5B}.Debug|Any CPU.Build.0 = Debug|Any CPU
		{A38AC295-2745-4B85-8B6B-DCA864CEDD5B}.Release|Any CPU.ActiveCfg = Release|Any CPU
		{A38AC295-2745-4B85-8B6B-DCA864CEDD5B}.Release|Any CPU.Build.0 = Release|Any CPU
		{393128EC-454D-45E8-A204-EC54904E5B3F}.Debug|Any CPU.ActiveCfg = Debug|Any CPU
		{393128EC-454D-45E8-A204-EC54904E5B3F}.Debug|Any CPU.Build.0 = Debug|Any CPU
		{393128EC-454D-45E8-A204-EC54904E5B3F}.Release|Any CPU.ActiveCfg = Release|Any CPU
		{393128EC-454D-45E8-A204-EC54904E5B3F}.Release|Any CPU.Build.0 = Release|Any CPU
		{56A34828-621A-478B-A0B8-C065FE938383}.Debug|Any CPU.ActiveCfg = Debug|Any CPU
		{56A34828-621A-478B-A0B8-C065FE938383}.Debug|Any CPU.Build.0 = Debug|Any CPU
		{56A34828-621A-478B-A0B8-C065FE938383}.Release|Any CPU.ActiveCfg = Release|Any CPU
		{56A34828-621A-478B-A0B8-C065FE938383}.Release|Any CPU.Build.0 = Release|Any CPU
		{1AFFF251-3B0C-47CA-BE94-937083732C0A}.Debug|Any CPU.ActiveCfg = Debug|Any CPU
		{1AFFF251-3B0C-47CA-BE94-937083732C0A}.Debug|Any CPU.Build.0 = Debug|Any CPU
		{1AFFF251-3B0C-47CA-BE94-937083732C0A}.Release|Any CPU.ActiveCfg = Release|Any CPU
		{1AFFF251-3B0C-47CA-BE94-937083732C0A}.Release|Any CPU.Build.0 = Release|Any CPU
		{47318988-CA8B-4C81-B55D-2FA11D295A49}.Debug|Any CPU.ActiveCfg = Debug|Any CPU
		{47318988-CA8B-4C81-B55D-2FA11D295A49}.Debug|Any CPU.Build.0 = Debug|Any CPU
		{47318988-CA8B-4C81-B55D-2FA11D295A49}.Release|Any CPU.ActiveCfg = Release|Any CPU
		{47318988-CA8B-4C81-B55D-2FA11D295A49}.Release|Any CPU.Build.0 = Release|Any CPU
		{25C06046-C7D0-46B4-AAAC-90C50C43DE7A}.Debug|Any CPU.ActiveCfg = Debug|Any CPU
		{25C06046-C7D0-46B4-AAAC-90C50C43DE7A}.Debug|Any CPU.Build.0 = Debug|Any CPU
		{25C06046-C7D0-46B4-AAAC-90C50C43DE7A}.Release|Any CPU.ActiveCfg = Release|Any CPU
		{25C06046-C7D0-46B4-AAAC-90C50C43DE7A}.Release|Any CPU.Build.0 = Release|Any CPU
		{1D778D2E-9523-450E-A6E0-A36897C7E78E}.Debug|Any CPU.ActiveCfg = Debug|Any CPU
		{1D778D2E-9523-450E-A6E0-A36897C7E78E}.Debug|Any CPU.Build.0 = Debug|Any CPU
		{1D778D2E-9523-450E-A6E0-A36897C7E78E}.Release|Any CPU.ActiveCfg = Release|Any CPU
		{1D778D2E-9523-450E-A6E0-A36897C7E78E}.Release|Any CPU.Build.0 = Release|Any CPU
		{9A4E3A68-904B-4835-A3C8-F664B73098DB}.Debug|Any CPU.ActiveCfg = Debug|Any CPU
		{9A4E3A68-904B-4835-A3C8-F664B73098DB}.Debug|Any CPU.Build.0 = Debug|Any CPU
		{9A4E3A68-904B-4835-A3C8-F664B73098DB}.Release|Any CPU.ActiveCfg = Release|Any CPU
		{9A4E3A68-904B-4835-A3C8-F664B73098DB}.Release|Any CPU.Build.0 = Release|Any CPU
		{B9EEACDD-CAFA-4B75-A18D-898E7DE21B17}.Debug|Any CPU.ActiveCfg = Debug|Any CPU
		{B9EEACDD-CAFA-4B75-A18D-898E7DE21B17}.Debug|Any CPU.Build.0 = Debug|Any CPU
		{B9EEACDD-CAFA-4B75-A18D-898E7DE21B17}.Release|Any CPU.ActiveCfg = Release|Any CPU
		{B9EEACDD-CAFA-4B75-A18D-898E7DE21B17}.Release|Any CPU.Build.0 = Release|Any CPU
		{55CBAADE-7040-46D6-A845-F207B4F0E281}.Debug|Any CPU.ActiveCfg = Debug|Any CPU
		{55CBAADE-7040-46D6-A845-F207B4F0E281}.Debug|Any CPU.Build.0 = Debug|Any CPU
		{55CBAADE-7040-46D6-A845-F207B4F0E281}.Release|Any CPU.ActiveCfg = Release|Any CPU
		{55CBAADE-7040-46D6-A845-F207B4F0E281}.Release|Any CPU.Build.0 = Release|Any CPU
		{7C4026CA-6434-4762-8B77-D657EAEE1325}.Debug|Any CPU.ActiveCfg = Debug|Any CPU
		{7C4026CA-6434-4762-8B77-D657EAEE1325}.Debug|Any CPU.Build.0 = Debug|Any CPU
		{7C4026CA-6434-4762-8B77-D657EAEE1325}.Release|Any CPU.ActiveCfg = Release|Any CPU
		{7C4026CA-6434-4762-8B77-D657EAEE1325}.Release|Any CPU.Build.0 = Release|Any CPU
	EndGlobalSection
	GlobalSection(SolutionProperties) = preSolution
		HideSolutionNode = FALSE
	EndGlobalSection
	GlobalSection(NestedProjects) = preSolution
		{F2F81E76-6A0E-466B-B673-EBBF1A9ED075} = {77C7929A-2EED-4AA6-8705-B5C443C8AA0F}
		{D9C14CDA-5182-4DEA-8606-98FF1A388BD3} = {E359BB2B-9AEC-497D-B321-7DF2450C3B8E}
		{1EEF77DF-7552-4265-B64C-FA13BC40C256} = {D9C14CDA-5182-4DEA-8606-98FF1A388BD3}
		{607B3861-4D69-43EF-84CE-19F18CD5339A} = {D9C14CDA-5182-4DEA-8606-98FF1A388BD3}
		{1EB74FCE-55C5-476A-8BB0-C46B77FE1070} = {D9C14CDA-5182-4DEA-8606-98FF1A388BD3}
		{CEB7F146-81DC-41DB-8015-140EC6A64E6C} = {0169B149-FB8B-46F4-9EF7-8A0E69F8FAAF}
		{47318988-CA8B-4C81-B55D-2FA11D295A49} = {E359BB2B-9AEC-497D-B321-7DF2450C3B8E}
		{25C06046-C7D0-46B4-AAAC-90C50C43DE7A} = {E359BB2B-9AEC-497D-B321-7DF2450C3B8E}
		{9A4E3A68-904B-4835-A3C8-F664B73098DB} = {E359BB2B-9AEC-497D-B321-7DF2450C3B8E}
	EndGlobalSection
	GlobalSection(ExtensibilityGlobals) = postSolution
		SolutionGuid = {55639B5C-0770-4A22-AB56-859604650521}
	EndGlobalSection
EndGlobal
