
Microsoft Visual Studio Solution File, Format Version 12.00
# Visual Studio Version 17
VisualStudioVersion = 17.0.32014.148
MinimumVisualStudioVersion = 10.0.40219.1
Project("{9A19103F-16F7-4668-BE54-9A1E7A4F7556}") = "OpenTelemetry", "src\OpenTelemetry\OpenTelemetry.csproj", "{AE3E3DF5-4083-4C6E-A840-8271B0ACDE7E}"
EndProject
Project("{9A19103F-16F7-4668-BE54-9A1E7A4F7556}") = "OpenTelemetry.Tests", "test\OpenTelemetry.Tests\OpenTelemetry.Tests.csproj", "{CC62B3C1-5875-4986-A7F6-C4B26E42B0A1}"
EndProject
Project("{2150E333-8FDC-42A3-9474-1A3956D46DE8}") = "Solution Items", "Solution Items", "{B7408D66-487A-40E1-BDB7-BC17BD28F721}"
	ProjectSection(SolutionItems) = preProject
		.dockerignore = .dockerignore
		.editorconfig = .editorconfig
		.gitignore = .gitignore
		CONTRIBUTING.md = CONTRIBUTING.md
		global.json = global.json
		LICENSE.TXT = LICENSE.TXT
		NuGet.config = NuGet.config
		README.md = README.md
		RELEASENOTES.md = RELEASENOTES.md
		THIRD-PARTY-NOTICES.TXT = THIRD-PARTY-NOTICES.TXT
		VERSIONING.md = VERSIONING.md
	EndProjectSection
EndProject
Project("{2150E333-8FDC-42A3-9474-1A3956D46DE8}") = "build", "build", "{7CB2F02E-03FA-4FFF-89A5-C51F107623FD}"
	ProjectSection(SolutionItems) = preProject
		build\Common.nonprod.props = build\Common.nonprod.props
		build\Common.prod.props = build\Common.prod.props
		build\Common.props = build\Common.props
		build\Common.targets = build\Common.targets
		build\debug.snk = build\debug.snk
		Directory.Packages.props = Directory.Packages.props
		build\docfx.cmd = build\docfx.cmd
		build\docker-compose.net8.0.yml = build\docker-compose.net8.0.yml
		build\docker-compose.net9.0.yml = build\docker-compose.net9.0.yml
		build\GlobalAttrExclusions.txt = build\GlobalAttrExclusions.txt
		build\opentelemetry-icon-color.png = build\opentelemetry-icon-color.png
		build\OpenTelemetry.prod.loose.ruleset = build\OpenTelemetry.prod.loose.ruleset
		build\OpenTelemetry.prod.ruleset = build\OpenTelemetry.prod.ruleset
		build\OpenTelemetry.proj = build\OpenTelemetry.proj
		build\OpenTelemetry.test.ruleset = build\OpenTelemetry.test.ruleset
		build\RELEASING.md = build\RELEASING.md
		build\stylecop.json = build\stylecop.json
		build\UnstableCoreLibraries.proj = build\UnstableCoreLibraries.proj
		build\xunit.runner.json = build\xunit.runner.json
	EndProjectSection
EndProject
Project("{9A19103F-16F7-4668-BE54-9A1E7A4F7556}") = "OpenTelemetry.Exporter.Zipkin", "src\OpenTelemetry.Exporter.Zipkin\OpenTelemetry.Exporter.Zipkin.csproj", "{7EDAE7FA-B44E-42CA-80FA-7DF2FAA2C5DD}"
EndProject
Project("{9A19103F-16F7-4668-BE54-9A1E7A4F7556}") = "OpenTelemetry.Api", "src\OpenTelemetry.Api\OpenTelemetry.Api.csproj", "{99F8A331-05E9-45A5-89BA-4C54E825E5B2}"
EndProject
Project("{2150E333-8FDC-42A3-9474-1A3956D46DE8}") = "testdata", "testdata", "{77C7929A-2EED-4AA6-8705-B5C443C8AA0F}"
EndProject
Project("{2150E333-8FDC-42A3-9474-1A3956D46DE8}") = "examples", "examples", "{E359BB2B-9AEC-497D-B321-7DF2450C3B8E}"
EndProject
Project("{9A19103F-16F7-4668-BE54-9A1E7A4F7556}") = "OpenTelemetry.Shims.OpenTracing", "src\OpenTelemetry.Shims.OpenTracing\OpenTelemetry.Shims.OpenTracing.csproj", "{AAC408FE-40EF-4479-97D9-697F2C1A0B28}"
EndProject
Project("{9A19103F-16F7-4668-BE54-9A1E7A4F7556}") = "OpenTelemetry.Shims.OpenTracing.Tests", "test\OpenTelemetry.Shims.OpenTracing.Tests\OpenTelemetry.Shims.OpenTracing.Tests.csproj", "{49A7853F-5B6F-4B65-A781-7D29A1C92164}"
EndProject
Project("{9A19103F-16F7-4668-BE54-9A1E7A4F7556}") = "OpenTelemetry.Extensions.Hosting", "src\OpenTelemetry.Extensions.Hosting\OpenTelemetry.Extensions.Hosting.csproj", "{A03102CD-A996-4418-BA19-7141C34B5A7D}"
EndProject
Project("{9A19103F-16F7-4668-BE54-9A1E7A4F7556}") = "OpenTelemetry.Extensions.Hosting.Tests", "test\OpenTelemetry.Extensions.Hosting.Tests\OpenTelemetry.Extensions.Hosting.Tests.csproj", "{4CB1187F-27F2-48F9-83F4-3A7567F73B5F}"
EndProject
Project("{9A19103F-16F7-4668-BE54-9A1E7A4F7556}") = "OpenTelemetry.Exporter.OpenTelemetryProtocol", "src\OpenTelemetry.Exporter.OpenTelemetryProtocol\OpenTelemetry.Exporter.OpenTelemetryProtocol.csproj", "{A38AC295-2745-4B85-8B6B-DCA864CEDD5B}"
EndProject
Project("{9A19103F-16F7-4668-BE54-9A1E7A4F7556}") = "OpenTelemetry.Exporter.Console", "src\OpenTelemetry.Exporter.Console\OpenTelemetry.Exporter.Console.csproj", "{1AFFF251-3B0C-47CA-BE94-937083732C0A}"
EndProject
Project("{9A19103F-16F7-4668-BE54-9A1E7A4F7556}") = "OpenTelemetry.Exporter.Zipkin.Tests", "test\OpenTelemetry.Exporter.Zipkin.Tests\OpenTelemetry.Exporter.Zipkin.Tests.csproj", "{1D778D2E-9523-450E-A6E0-A36897C7E78E}"
EndProject
Project("{9A19103F-16F7-4668-BE54-9A1E7A4F7556}") = "OpenTelemetry.Exporter.OpenTelemetryProtocol.Tests", "test\OpenTelemetry.Exporter.OpenTelemetryProtocol.Tests\OpenTelemetry.Exporter.OpenTelemetryProtocol.Tests.csproj", "{7C4026CA-6434-4762-8B77-D657EAEE1325}"
EndProject
Project("{2150E333-8FDC-42A3-9474-1A3956D46DE8}") = ".github", ".github", "{F1D0972B-38CF-49C2-9F4B-4C5DE02FB71D}"
	ProjectSection(SolutionItems) = preProject
		.github\codecov.yml = .github\codecov.yml
		.github\CODEOWNERS = .github\CODEOWNERS
		.github\dependabot.yml = .github\dependabot.yml
		.github\PULL_REQUEST_TEMPLATE.md = .github\PULL_REQUEST_TEMPLATE.md
	EndProjectSection
EndProject
Project("{2150E333-8FDC-42A3-9474-1A3956D46DE8}") = "ISSUE_TEMPLATE", "ISSUE_TEMPLATE", "{A533C800-3DC3-4D04-90A7-0CE7A1E6BDB3}"
	ProjectSection(SolutionItems) = preProject
		.github\ISSUE_TEMPLATE\bug_report.yml = .github\ISSUE_TEMPLATE\bug_report.yml
		.github\ISSUE_TEMPLATE\feature_request.yml = .github\ISSUE_TEMPLATE\feature_request.yml
	EndProjectSection
EndProject
Project("{2150E333-8FDC-42A3-9474-1A3956D46DE8}") = "workflows", "workflows", "{E69578EB-B456-4062-A645-877CD964528B}"
	ProjectSection(SolutionItems) = preProject
		.github\workflows\add-labels.yml = .github\workflows\add-labels.yml
		.github\workflows\automation.yml = .github\workflows\automation.yml
		.github\workflows\ci.yml = .github\workflows\ci.yml
		.github\workflows\codeql-analysis.yml = .github\workflows\codeql-analysis.yml
		.github\workflows\Component.BuildTest.yml = .github\workflows\Component.BuildTest.yml
		.github\workflows\concurrency-tests.yml = .github\workflows\concurrency-tests.yml
		.github\workflows\docfx.yml = .github\workflows\docfx.yml
		.github\workflows\dotnet-format.yml = .github\workflows\dotnet-format.yml
		.github\workflows\markdownlint.yml = .github\workflows\markdownlint.yml
		.github\workflows\package-validation.yml = .github\workflows\package-validation.yml
		.github\workflows\post-release.yml = .github\workflows\post-release.yml
		.github\workflows\prepare-release.yml = .github\workflows\prepare-release.yml
		.github\workflows\publish-packages-1.0.yml = .github\workflows\publish-packages-1.0.yml
		.github\workflows\sanitycheck.yml = .github\workflows\sanitycheck.yml
		.github\workflows\stale.yml = .github\workflows\stale.yml
		.github\workflows\verifyaotcompat.yml = .github\workflows\verifyaotcompat.yml
	EndProjectSection
EndProject
Project("{2150E333-8FDC-42A3-9474-1A3956D46DE8}") = "src", "src", "{C1542297-8763-4DF4-957C-489ED771C21D}"
	ProjectSection(SolutionItems) = preProject
		src\Directory.Build.props = src\Directory.Build.props
		src\Directory.Build.targets = src\Directory.Build.targets
	EndProjectSection
EndProject
Project("{2150E333-8FDC-42A3-9474-1A3956D46DE8}") = "test", "test", "{D2E73927-5966-445C-94E9-EFE6F269C8D5}"
	ProjectSection(SolutionItems) = preProject
		test\Directory.Build.props = test\Directory.Build.props
		test\Directory.Build.targets = test\Directory.Build.targets
	EndProjectSection
EndProject
Project("{9A19103F-16F7-4668-BE54-9A1E7A4F7556}") = "Examples.Console", "examples\Console\Examples.Console.csproj", "{FF3E6E08-E8E4-4523-B526-847CD989279F}"
EndProject
Project("{9A19103F-16F7-4668-BE54-9A1E7A4F7556}") = "Examples.AspNetCore", "examples\AspNetCore\Examples.AspNetCore.csproj", "{0935622B-9377-4056-8343-AE6ECDC274CF}"
EndProject
Project("{9A19103F-16F7-4668-BE54-9A1E7A4F7556}") = "Benchmarks", "test\Benchmarks\Benchmarks.csproj", "{DE9130A4-F30A-49D7-8834-41DE3021218B}"
EndProject
Project("{2150E333-8FDC-42A3-9474-1A3956D46DE8}") = "docs", "docs", "{7C87CAF9-79D7-4C26-9FFB-F3F1FB6911F1}"
	ProjectSection(SolutionItems) = preProject
		docs\README.md = docs\README.md
	EndProjectSection
EndProject
Project("{2150E333-8FDC-42A3-9474-1A3956D46DE8}") = "examples", "examples", "{2C7DD1DA-C229-4D9E-9AF0-BCD5CD3E4948}"
	ProjectSection(SolutionItems) = preProject
		examples\Directory.Build.props = examples\Directory.Build.props
		examples\Directory.Build.targets = examples\Directory.Build.targets
	EndProjectSection
EndProject
Project("{2150E333-8FDC-42A3-9474-1A3956D46DE8}") = "trace", "trace", "{5B7FB835-3FFF-4BC2-99C5-A5B5FAE3C818}"
	ProjectSection(SolutionItems) = preProject
		docs\trace\README.md = docs\trace\README.md
	EndProjectSection
EndProject
Project("{2150E333-8FDC-42A3-9474-1A3956D46DE8}") = "metrics", "metrics", "{3277B1C0-BDFE-4460-9B0D-D9A661FB48DB}"
	ProjectSection(SolutionItems) = preProject
		docs\metrics\README.md = docs\metrics\README.md
	EndProjectSection
EndProject
Project("{2150E333-8FDC-42A3-9474-1A3956D46DE8}") = "logs", "logs", "{3862190B-E2C5-418E-AFDC-DB281FB5C705}"
	ProjectSection(SolutionItems) = preProject
		docs\logs\README.md = docs\logs\README.md
	EndProjectSection
EndProject
Project("{2150E333-8FDC-42A3-9474-1A3956D46DE8}") = "MicroserviceExample", "MicroserviceExample", "{4D492D62-5150-45F9-817F-C99562E364E2}"
	ProjectSection(SolutionItems) = preProject
		examples\MicroserviceExample\.dockerignore = examples\MicroserviceExample\.dockerignore
		examples\MicroserviceExample\docker-compose.yml = examples\MicroserviceExample\docker-compose.yml
		examples\MicroserviceExample\README.md = examples\MicroserviceExample\README.md
	EndProjectSection
EndProject
Project("{9A19103F-16F7-4668-BE54-9A1E7A4F7556}") = "WebApi", "examples\MicroserviceExample\WebApi\WebApi.csproj", "{07336602-860B-4975-95DD-405D19C00901}"
EndProject
Project("{9A19103F-16F7-4668-BE54-9A1E7A4F7556}") = "WorkerService", "examples\MicroserviceExample\WorkerService\WorkerService.csproj", "{FA7A6F67-1F2F-4855-890D-51B5829578A9}"
EndProject
Project("{9A19103F-16F7-4668-BE54-9A1E7A4F7556}") = "Utils", "examples\MicroserviceExample\Utils\Utils.csproj", "{5435517C-AEC5-4182-87AE-14E13D31525F}"
EndProject
Project("{2150E333-8FDC-42A3-9474-1A3956D46DE8}") = "docs", "docs", "{CB401DF1-FF5C-4055-886E-1183E832B2D6}"
	ProjectSection(SolutionItems) = preProject
		docs\Directory.Build.props = docs\Directory.Build.props
		docs\Directory.Packages.props = docs\Directory.Packages.props
		docs\docfx.json = docs\docfx.json
		docs\toc.yml = docs\toc.yml
	EndProjectSection
EndProject
Project("{9A19103F-16F7-4668-BE54-9A1E7A4F7556}") = "extending-the-sdk", "docs\trace\extending-the-sdk\extending-the-sdk.csproj", "{FCDCF532-A163-40DA-80B7-7530AA1182C4}"
EndProject
Project("{9A19103F-16F7-4668-BE54-9A1E7A4F7556}") = "OpenTelemetry.Instrumentation.W3cTraceContext.Tests", "test\OpenTelemetry.Instrumentation.W3cTraceContext.Tests\OpenTelemetry.Instrumentation.W3cTraceContext.Tests.csproj", "{EAAC5A3C-708A-4609-A21F-8E5221AB58F2}"
EndProject
Project("{9A19103F-16F7-4668-BE54-9A1E7A4F7556}") = "Examples.GrpcService", "examples\GrpcService\Examples.GrpcService.csproj", "{DB942F5A-D571-4DEA-B1A7-B6BE0E24E6ED}"
EndProject
Project("{9A19103F-16F7-4668-BE54-9A1E7A4F7556}") = "getting-started-console", "docs\logs\getting-started-console\getting-started-console.csproj", "{B3F03725-23A0-4582-9526-F6A7E38F35CC}"
EndProject
Project("{9A19103F-16F7-4668-BE54-9A1E7A4F7556}") = "OpenTelemetry.Exporter.InMemory", "src\OpenTelemetry.Exporter.InMemory\OpenTelemetry.Exporter.InMemory.csproj", "{9BCEA68B-50E2-4A3A-93E6-B51AF612BCC1}"
EndProject
Project("{9A19103F-16F7-4668-BE54-9A1E7A4F7556}") = "extending-the-sdk", "docs\logs\extending-the-sdk\extending-the-sdk.csproj", "{13C10C9A-07E8-43EB-91F5-C2B116FBE0FC}"
EndProject
Project("{9A19103F-16F7-4668-BE54-9A1E7A4F7556}") = "reporting-exceptions", "docs\trace\reporting-exceptions\reporting-exceptions.csproj", "{08D29501-F0A3-468F-B18D-BD1821A72383}"
EndProject
Project("{9A19103F-16F7-4668-BE54-9A1E7A4F7556}") = "customizing-the-sdk", "docs\trace\customizing-the-sdk\customizing-the-sdk.csproj", "{64E3D8BB-93AB-4571-93F7-ED8D64DFFD06}"
EndProject
Project("{9A19103F-16F7-4668-BE54-9A1E7A4F7556}") = "learning-more-instruments", "docs\metrics\learning-more-instruments\learning-more-instruments.csproj", "{E7F491CC-C37E-4A56-9CA7-8F77F59E0614}"
EndProject
Project("{9A19103F-16F7-4668-BE54-9A1E7A4F7556}") = "getting-started-console", "docs\metrics\getting-started-console\getting-started-console.csproj", "{EA60B549-F712-4ABE-8E44-FCA83B78C06E}"
EndProject
Project("{9A19103F-16F7-4668-BE54-9A1E7A4F7556}") = "getting-started-aspnetcore", "docs\metrics\getting-started-aspnetcore\getting-started-aspnetcore.csproj", "{0C3E7D40-E0B3-4B77-8139-0E85C3600688}"
EndProject
Project("{9A19103F-16F7-4668-BE54-9A1E7A4F7556}") = "extending-the-sdk", "docs\metrics\extending-the-sdk\extending-the-sdk.csproj", "{1F9D7748-D099-4E25-97F5-9C969D6FF969}"
EndProject
Project("{9A19103F-16F7-4668-BE54-9A1E7A4F7556}") = "OpenTelemetry.Tests.Stress.Metrics", "test\OpenTelemetry.Tests.Stress.Metrics\OpenTelemetry.Tests.Stress.Metrics.csproj", "{A885DBE2-4B82-432C-A77B-19844D7BBC96}"
EndProject
Project("{9A19103F-16F7-4668-BE54-9A1E7A4F7556}") = "customizing-the-sdk", "docs\metrics\customizing-the-sdk\customizing-the-sdk.csproj", "{81234AFA-B4E7-4D0D-AB97-FD559C78EDA2}"
EndProject
Project("{9A19103F-16F7-4668-BE54-9A1E7A4F7556}") = "OpenTelemetry.Tests.Stress", "test\OpenTelemetry.Tests.Stress\OpenTelemetry.Tests.Stress.csproj", "{2770158A-D220-414B-ABC6-179371323579}"
EndProject
Project("{9A19103F-16F7-4668-BE54-9A1E7A4F7556}") = "getting-started-prometheus-grafana", "docs\metrics\getting-started-prometheus-grafana\getting-started-prometheus-grafana.csproj", "{41B784AA-3301-4126-AF9F-1D59BD04B0BF}"
EndProject
Project("{9A19103F-16F7-4668-BE54-9A1E7A4F7556}") = "customizing-the-sdk", "docs\logs\customizing-the-sdk\customizing-the-sdk.csproj", "{6C7A1595-36D6-4229-BBB5-5A6B5791791D}"
EndProject
Project("{9A19103F-16F7-4668-BE54-9A1E7A4F7556}") = "OpenTelemetry.Extensions.Propagators", "src\OpenTelemetry.Extensions.Propagators\OpenTelemetry.Extensions.Propagators.csproj", "{E91B2E40-E428-43B3-8A43-09709F0E69E4}"
EndProject
Project("{9A19103F-16F7-4668-BE54-9A1E7A4F7556}") = "OpenTelemetry.Extensions.Propagators.Tests", "test\OpenTelemetry.Extensions.Propagators.Tests\OpenTelemetry.Extensions.Propagators.Tests.csproj", "{476D804B-BFEC-4D34-814C-DFFD97109989}"
EndProject
Project("{9A19103F-16F7-4668-BE54-9A1E7A4F7556}") = "correlation", "docs\logs\correlation\correlation.csproj", "{9A07D215-90AC-4BAF-BCDB-73D74FD3A5C5}"
EndProject
Project("{9A19103F-16F7-4668-BE54-9A1E7A4F7556}") = "OpenTelemetry.Tests.Stress.Logs", "test\OpenTelemetry.Tests.Stress.Logs\OpenTelemetry.Tests.Stress.Logs.csproj", "{4298057B-24E0-47B3-BB76-C17E81AF6B39}"
EndProject
Project("{9A19103F-16F7-4668-BE54-9A1E7A4F7556}") = "OpenTelemetry.Exporter.Prometheus.AspNetCore", "src\OpenTelemetry.Exporter.Prometheus.AspNetCore\OpenTelemetry.Exporter.Prometheus.AspNetCore.csproj", "{921CF401-4C2F-4C6D-A750-0B5DC457C1F1}"
EndProject
Project("{9A19103F-16F7-4668-BE54-9A1E7A4F7556}") = "OpenTelemetry.Exporter.Prometheus.HttpListener", "src\OpenTelemetry.Exporter.Prometheus.HttpListener\OpenTelemetry.Exporter.Prometheus.HttpListener.csproj", "{6B0232B7-5F29-4FB5-B383-1AA02DFE1089}"
EndProject
Project("{9A19103F-16F7-4668-BE54-9A1E7A4F7556}") = "OpenTelemetry.Exporter.Prometheus.AspNetCore.Tests", "test\OpenTelemetry.Exporter.Prometheus.AspNetCore.Tests\OpenTelemetry.Exporter.Prometheus.AspNetCore.Tests.csproj", "{FBD12B0B-6731-4DD4-9C13-86F34593E974}"
EndProject
Project("{9A19103F-16F7-4668-BE54-9A1E7A4F7556}") = "OpenTelemetry.Exporter.Prometheus.HttpListener.Tests", "test\OpenTelemetry.Exporter.Prometheus.HttpListener.Tests\OpenTelemetry.Exporter.Prometheus.HttpListener.Tests.csproj", "{4EF4364F-6E64-43CE-BED1-E6FE01024899}"
EndProject
Project("{9A19103F-16F7-4668-BE54-9A1E7A4F7556}") = "OpenTelemetry.Tests.Stress.Traces", "test\OpenTelemetry.Tests.Stress.Traces\OpenTelemetry.Tests.Stress.Traces.csproj", "{5697662B-5F14-4E32-BB11-1D8942782AB6}"
EndProject
Project("{9A19103F-16F7-4668-BE54-9A1E7A4F7556}") = "TestApp.AspNetCore", "test\TestApp.AspNetCore\TestApp.AspNetCore.csproj", "{5FDAF679-DE5A-4C73-A49B-8ABCF2399229}"
EndProject
Project("{9A19103F-16F7-4668-BE54-9A1E7A4F7556}") = "complex-objects", "docs\logs\complex-objects\complex-objects.csproj", "{9AAB00EC-ED6F-4462-82DE-7D864A9DB6C5}"
EndProject
Project("{9A19103F-16F7-4668-BE54-9A1E7A4F7556}") = "redaction", "docs\logs\redaction\redaction.csproj", "{A2DF46DE-50D7-4887-8C9D-4BD79CA19FAA}"
EndProject
Project("{9A19103F-16F7-4668-BE54-9A1E7A4F7556}") = "OpenTelemetry.Exporter.Console.Tests", "test\OpenTelemetry.Exporter.Console.Tests\OpenTelemetry.Exporter.Console.Tests.csproj", "{011E70E1-152A-47BB-AF83-12DD12B125ED}"
EndProject
Project("{9A19103F-16F7-4668-BE54-9A1E7A4F7556}") = "OpenTelemetry.Api.ProviderBuilderExtensions", "src\OpenTelemetry.Api.ProviderBuilderExtensions\OpenTelemetry.Api.ProviderBuilderExtensions.csproj", "{171A87CB-393C-4296-913F-E704CD8CEAE9}"
EndProject
Project("{9A19103F-16F7-4668-BE54-9A1E7A4F7556}") = "OpenTelemetry.Api.ProviderBuilderExtensions.Tests", "test\OpenTelemetry.Api.ProviderBuilderExtensions.Tests\OpenTelemetry.Api.ProviderBuilderExtensions.Tests.csproj", "{662476AA-5875-4E74-B992-DDF309168EFB}"
EndProject
Project("{9A19103F-16F7-4668-BE54-9A1E7A4F7556}") = "getting-started-aspnetcore", "docs\trace\getting-started-aspnetcore\getting-started-aspnetcore.csproj", "{DEDE8442-03CA-48CF-99B9-EA224D89D148}"
EndProject
Project("{9A19103F-16F7-4668-BE54-9A1E7A4F7556}") = "getting-started-console", "docs\trace\getting-started-console\getting-started-console.csproj", "{EF4F6280-14D1-49D4-8095-1AC36E169AA8}"
EndProject
Project("{9A19103F-16F7-4668-BE54-9A1E7A4F7556}") = "getting-started-jaeger", "docs\trace\getting-started-jaeger\getting-started-jaeger.csproj", "{A0C0B77C-6C7B-4EC2-AC61-EA1F489811B9}"
EndProject
Project("{9A19103F-16F7-4668-BE54-9A1E7A4F7556}") = "tail-based-sampling-example", "docs\trace\tail-based-sampling-span-level\tail-based-sampling-example.csproj", "{800DB925-6014-4136-AC01-3356CF7CADD3}"
EndProject
Project("{9A19103F-16F7-4668-BE54-9A1E7A4F7556}") = "stratified-sampling-example", "docs\trace\stratified-sampling-example\stratified-sampling-example.csproj", "{9C99621C-343E-479C-A943-332DB6129B71}"
EndProject
Project("{9A19103F-16F7-4668-BE54-9A1E7A4F7556}") = "OpenTelemetry.AotCompatibility.TestApp", "test\OpenTelemetry.AotCompatibility.TestApp\OpenTelemetry.AotCompatibility.TestApp.csproj", "{13A59BD9-9475-4991-B74D-7C20F1C63409}"
EndProject
Project("{9A19103F-16F7-4668-BE54-9A1E7A4F7556}") = "links-sampler", "docs\trace\links-based-sampler\links-sampler.csproj", "{62AF4BD3-DCAE-4D44-AA5B-991C1071166B}"
EndProject
Project("{2150E333-8FDC-42A3-9474-1A3956D46DE8}") = "Shared", "Shared", "{A49299FB-C5CD-4E0E-B7E1-B7867BBD67CC}"
	ProjectSection(SolutionItems) = preProject
		src\Shared\ActivityHelperExtensions.cs = src\Shared\ActivityHelperExtensions.cs
		src\Shared\AssemblyVersionExtensions.cs = src\Shared\AssemblyVersionExtensions.cs
		src\Shared\DiagnosticDefinitions.cs = src\Shared\DiagnosticDefinitions.cs
		src\Shared\ExceptionExtensions.cs = src\Shared\ExceptionExtensions.cs
		src\Shared\Guard.cs = src\Shared\Guard.cs
		src\Shared\MathHelper.cs = src\Shared\MathHelper.cs
		src\Shared\PeriodicExportingMetricReaderHelper.cs = src\Shared\PeriodicExportingMetricReaderHelper.cs
		src\Shared\PooledList.cs = src\Shared\PooledList.cs
		src\Shared\ResourceSemanticConventions.cs = src\Shared\ResourceSemanticConventions.cs
		src\Shared\SemanticConventions.cs = src\Shared\SemanticConventions.cs
		src\Shared\SpanAttributeConstants.cs = src\Shared\SpanAttributeConstants.cs
		src\Shared\StatusHelper.cs = src\Shared\StatusHelper.cs
		src\Shared\ThreadSafeRandom.cs = src\Shared\ThreadSafeRandom.cs
	EndProjectSection
EndProject
Project("{2150E333-8FDC-42A3-9474-1A3956D46DE8}") = "EnvironmentVariables", "EnvironmentVariables", "{6D4B4FB2-0A8A-4044-948B-C063FD340439}"
	ProjectSection(SolutionItems) = preProject
		src\Shared\EnvironmentVariables\EnvironmentVariablesConfigurationProvider.cs = src\Shared\EnvironmentVariables\EnvironmentVariablesConfigurationProvider.cs
		src\Shared\EnvironmentVariables\EnvironmentVariablesConfigurationSource.cs = src\Shared\EnvironmentVariables\EnvironmentVariablesConfigurationSource.cs
		src\Shared\EnvironmentVariables\EnvironmentVariablesExtensions.cs = src\Shared\EnvironmentVariables\EnvironmentVariablesExtensions.cs
	EndProjectSection
EndProject
Project("{2150E333-8FDC-42A3-9474-1A3956D46DE8}") = "Options", "Options", "{494902DD-C63F-48E0-BED3-B58EFB4051C8}"
	ProjectSection(SolutionItems) = preProject
		src\Shared\Options\DelegatingOptionsFactory.cs = src\Shared\Options\DelegatingOptionsFactory.cs
		src\Shared\Options\DelegatingOptionsFactoryServiceCollectionExtensions.cs = src\Shared\Options\DelegatingOptionsFactoryServiceCollectionExtensions.cs
		src\Shared\Options\SingletonOptionsManager.cs = src\Shared\Options\SingletonOptionsManager.cs
	EndProjectSection
EndProject
Project("{2150E333-8FDC-42A3-9474-1A3956D46DE8}") = "Shims", "Shims", "{A0CB9A10-F22D-4E66-A449-74B3D0361A9C}"
	ProjectSection(SolutionItems) = preProject
		src\Shared\Shims\IsExternalInit.cs = src\Shared\Shims\IsExternalInit.cs
		src\Shared\Shims\Lock.cs = src\Shared\Shims\Lock.cs
		src\Shared\Shims\NullableAttributes.cs = src\Shared\Shims\NullableAttributes.cs
	EndProjectSection
EndProject
Project("{9A19103F-16F7-4668-BE54-9A1E7A4F7556}") = "OpenTelemetry.Api.Tests", "test\OpenTelemetry.Api.Tests\OpenTelemetry.Api.Tests.csproj", "{777C04B8-1BD5-43D7-B3CD-D2189DFABCF3}"
EndProject
Project("{2150E333-8FDC-42A3-9474-1A3956D46DE8}") = "Metrics", "Metrics", "{1C459B5B-C702-46FF-BF1A-EE795E420FFA}"
	ProjectSection(SolutionItems) = preProject
		src\Shared\Metrics\Base2ExponentialBucketHistogramHelper.cs = src\Shared\Metrics\Base2ExponentialBucketHistogramHelper.cs
	EndProjectSection
EndProject
Project("{9A19103F-16F7-4668-BE54-9A1E7A4F7556}") = "getting-started-aspnetcore", "docs\logs\getting-started-aspnetcore\getting-started-aspnetcore.csproj", "{99B4D965-8782-4694-8DFA-B7A3630CEF60}"
EndProject
Project("{9A19103F-16F7-4668-BE54-9A1E7A4F7556}") = "links-creation", "docs\trace\links-creation-with-new-activities\links-creation.csproj", "{B4856711-6D4C-4246-A686-49458D4C1301}"
EndProject
Project("{2150E333-8FDC-42A3-9474-1A3956D46DE8}") = "diagnostics", "diagnostics", "{52AF6D7D-9E66-4234-9A2C-5D16C6F22B40}"
	ProjectSection(SolutionItems) = preProject
		docs\diagnostics\README.md = docs\diagnostics\README.md
	EndProjectSection
EndProject
Project("{2150E333-8FDC-42A3-9474-1A3956D46DE8}") = "experimental-apis", "experimental-apis", "{17A22B0E-6EC3-4A39-B955-0A486AD06699}"
	ProjectSection(SolutionItems) = preProject
		docs\diagnostics\experimental-apis\OTEL1000.md = docs\diagnostics\experimental-apis\OTEL1000.md
		docs\diagnostics\experimental-apis\OTEL1001.md = docs\diagnostics\experimental-apis\OTEL1001.md
		docs\diagnostics\experimental-apis\OTEL1004.md = docs\diagnostics\experimental-apis\OTEL1004.md
		docs\diagnostics\experimental-apis\README.md = docs\diagnostics\experimental-apis\README.md
	EndProjectSection
EndProject
Project("{2150E333-8FDC-42A3-9474-1A3956D46DE8}") = "resources", "resources", "{A115CE4C-71A8-4B95-96A5-C1DF46FD94C2}"
	ProjectSection(SolutionItems) = preProject
		docs\resources\README.md = docs\resources\README.md
	EndProjectSection
EndProject
Project("{9A19103F-16F7-4668-BE54-9A1E7A4F7556}") = "extending-the-sdk", "docs\resources\extending-the-sdk\extending-the-sdk.csproj", "{7BE494FC-4B0D-4340-A62A-9C9F3E7389FE}"
EndProject
Project("{9A19103F-16F7-4668-BE54-9A1E7A4F7556}") = "dedicated-pipeline", "docs\logs\dedicated-pipeline\dedicated-pipeline.csproj", "{19545B37-8518-4BDD-AD49-00C031FB3C2A}"
EndProject
Project("{2150E333-8FDC-42A3-9474-1A3956D46DE8}") = "Configuration", "Configuration", "{87A20A76-D524-4AAC-AF92-8725BFED0415}"
	ProjectSection(SolutionItems) = preProject
		src\Shared\Configuration\IConfigurationExtensionsLogger.cs = src\Shared\Configuration\IConfigurationExtensionsLogger.cs
		src\Shared\Configuration\OpenTelemetryConfigurationExtensions.cs = src\Shared\Configuration\OpenTelemetryConfigurationExtensions.cs
	EndProjectSection
EndProject
Project("{2150E333-8FDC-42A3-9474-1A3956D46DE8}") = "TagWriter", "TagWriter", "{993E65E5-E71B-40FD-871C-60A9EBD59724}"
	ProjectSection(SolutionItems) = preProject
		src\Shared\TagWriter\ArrayTagWriter.cs = src\Shared\TagWriter\ArrayTagWriter.cs
		src\Shared\TagWriter\JsonStringArrayTagWriter.cs = src\Shared\TagWriter\JsonStringArrayTagWriter.cs
		src\Shared\TagWriter\TagWriter.cs = src\Shared\TagWriter\TagWriter.cs
	EndProjectSection
EndProject
Project("{2150E333-8FDC-42A3-9474-1A3956D46DE8}") = "scripts", "scripts", "{44982E0D-C8C6-42DC-9F8F-714981F27CE6}"
	ProjectSection(SolutionItems) = preProject
		build\scripts\add-labels.psm1 = build\scripts\add-labels.psm1
		build\scripts\finalize-publicapi.ps1 = build\scripts\finalize-publicapi.ps1
		build\scripts\post-release.psm1 = build\scripts\post-release.psm1
		build\scripts\prepare-release.psm1 = build\scripts\prepare-release.psm1
		build\scripts\sanitycheck.py = build\scripts\sanitycheck.py
		build\scripts\test-aot-compatibility.ps1 = build\scripts\test-aot-compatibility.ps1
		build\scripts\test-threadSafety.ps1 = build\scripts\test-threadSafety.ps1
		build\scripts\update-changelogs.ps1 = build\scripts\update-changelogs.ps1
	EndProjectSection
EndProject
Project("{9A19103F-16F7-4668-BE54-9A1E7A4F7556}") = "exemplars", "docs\metrics\exemplars\exemplars.csproj", "{79C12C80-B27B-41FB-AE79-A3BB74CFA782}"
EndProject
Project("{2150E333-8FDC-42A3-9474-1A3956D46DE8}") = "Proto", "Proto", "{02EA681E-C7D8-13C7-8484-4AC65E1B71E8}"
	ProjectSection(SolutionItems) = preProject
		src\Shared\Proto\README.md = src\Shared\Proto\README.md
	EndProjectSection
EndProject
Global
	GlobalSection(SolutionConfigurationPlatforms) = preSolution
		Debug|Any CPU = Debug|Any CPU
		Release|Any CPU = Release|Any CPU
	EndGlobalSection
	GlobalSection(ProjectConfigurationPlatforms) = postSolution
		{AE3E3DF5-4083-4C6E-A840-8271B0ACDE7E}.Debug|Any CPU.ActiveCfg = Debug|Any CPU
		{AE3E3DF5-4083-4C6E-A840-8271B0ACDE7E}.Debug|Any CPU.Build.0 = Debug|Any CPU
		{AE3E3DF5-4083-4C6E-A840-8271B0ACDE7E}.Release|Any CPU.ActiveCfg = Release|Any CPU
		{AE3E3DF5-4083-4C6E-A840-8271B0ACDE7E}.Release|Any CPU.Build.0 = Release|Any CPU
		{CC62B3C1-5875-4986-A7F6-C4B26E42B0A1}.Debug|Any CPU.ActiveCfg = Debug|Any CPU
		{CC62B3C1-5875-4986-A7F6-C4B26E42B0A1}.Debug|Any CPU.Build.0 = Debug|Any CPU
		{CC62B3C1-5875-4986-A7F6-C4B26E42B0A1}.Release|Any CPU.ActiveCfg = Release|Any CPU
		{CC62B3C1-5875-4986-A7F6-C4B26E42B0A1}.Release|Any CPU.Build.0 = Release|Any CPU
		{7EDAE7FA-B44E-42CA-80FA-7DF2FAA2C5DD}.Debug|Any CPU.ActiveCfg = Debug|Any CPU
		{7EDAE7FA-B44E-42CA-80FA-7DF2FAA2C5DD}.Debug|Any CPU.Build.0 = Debug|Any CPU
		{7EDAE7FA-B44E-42CA-80FA-7DF2FAA2C5DD}.Release|Any CPU.ActiveCfg = Release|Any CPU
		{7EDAE7FA-B44E-42CA-80FA-7DF2FAA2C5DD}.Release|Any CPU.Build.0 = Release|Any CPU
		{99F8A331-05E9-45A5-89BA-4C54E825E5B2}.Debug|Any CPU.ActiveCfg = Debug|Any CPU
		{99F8A331-05E9-45A5-89BA-4C54E825E5B2}.Debug|Any CPU.Build.0 = Debug|Any CPU
		{99F8A331-05E9-45A5-89BA-4C54E825E5B2}.Release|Any CPU.ActiveCfg = Release|Any CPU
		{99F8A331-05E9-45A5-89BA-4C54E825E5B2}.Release|Any CPU.Build.0 = Release|Any CPU
		{AAC408FE-40EF-4479-97D9-697F2C1A0B28}.Debug|Any CPU.ActiveCfg = Debug|Any CPU
		{AAC408FE-40EF-4479-97D9-697F2C1A0B28}.Debug|Any CPU.Build.0 = Debug|Any CPU
		{AAC408FE-40EF-4479-97D9-697F2C1A0B28}.Release|Any CPU.ActiveCfg = Release|Any CPU
		{AAC408FE-40EF-4479-97D9-697F2C1A0B28}.Release|Any CPU.Build.0 = Release|Any CPU
		{49A7853F-5B6F-4B65-A781-7D29A1C92164}.Debug|Any CPU.ActiveCfg = Debug|Any CPU
		{49A7853F-5B6F-4B65-A781-7D29A1C92164}.Debug|Any CPU.Build.0 = Debug|Any CPU
		{49A7853F-5B6F-4B65-A781-7D29A1C92164}.Release|Any CPU.ActiveCfg = Release|Any CPU
		{49A7853F-5B6F-4B65-A781-7D29A1C92164}.Release|Any CPU.Build.0 = Release|Any CPU
		{A03102CD-A996-4418-BA19-7141C34B5A7D}.Debug|Any CPU.ActiveCfg = Debug|Any CPU
		{A03102CD-A996-4418-BA19-7141C34B5A7D}.Debug|Any CPU.Build.0 = Debug|Any CPU
		{A03102CD-A996-4418-BA19-7141C34B5A7D}.Release|Any CPU.ActiveCfg = Release|Any CPU
		{A03102CD-A996-4418-BA19-7141C34B5A7D}.Release|Any CPU.Build.0 = Release|Any CPU
		{4CB1187F-27F2-48F9-83F4-3A7567F73B5F}.Debug|Any CPU.ActiveCfg = Debug|Any CPU
		{4CB1187F-27F2-48F9-83F4-3A7567F73B5F}.Debug|Any CPU.Build.0 = Debug|Any CPU
		{4CB1187F-27F2-48F9-83F4-3A7567F73B5F}.Release|Any CPU.ActiveCfg = Release|Any CPU
		{4CB1187F-27F2-48F9-83F4-3A7567F73B5F}.Release|Any CPU.Build.0 = Release|Any CPU
		{A38AC295-2745-4B85-8B6B-DCA864CEDD5B}.Debug|Any CPU.ActiveCfg = Debug|Any CPU
		{A38AC295-2745-4B85-8B6B-DCA864CEDD5B}.Debug|Any CPU.Build.0 = Debug|Any CPU
		{A38AC295-2745-4B85-8B6B-DCA864CEDD5B}.Release|Any CPU.ActiveCfg = Release|Any CPU
		{A38AC295-2745-4B85-8B6B-DCA864CEDD5B}.Release|Any CPU.Build.0 = Release|Any CPU
		{1AFFF251-3B0C-47CA-BE94-937083732C0A}.Debug|Any CPU.ActiveCfg = Debug|Any CPU
		{1AFFF251-3B0C-47CA-BE94-937083732C0A}.Debug|Any CPU.Build.0 = Debug|Any CPU
		{1AFFF251-3B0C-47CA-BE94-937083732C0A}.Release|Any CPU.ActiveCfg = Release|Any CPU
		{1AFFF251-3B0C-47CA-BE94-937083732C0A}.Release|Any CPU.Build.0 = Release|Any CPU
		{1D778D2E-9523-450E-A6E0-A36897C7E78E}.Debug|Any CPU.ActiveCfg = Debug|Any CPU
		{1D778D2E-9523-450E-A6E0-A36897C7E78E}.Debug|Any CPU.Build.0 = Debug|Any CPU
		{1D778D2E-9523-450E-A6E0-A36897C7E78E}.Release|Any CPU.ActiveCfg = Release|Any CPU
		{1D778D2E-9523-450E-A6E0-A36897C7E78E}.Release|Any CPU.Build.0 = Release|Any CPU
		{7C4026CA-6434-4762-8B77-D657EAEE1325}.Debug|Any CPU.ActiveCfg = Debug|Any CPU
		{7C4026CA-6434-4762-8B77-D657EAEE1325}.Debug|Any CPU.Build.0 = Debug|Any CPU
		{7C4026CA-6434-4762-8B77-D657EAEE1325}.Release|Any CPU.ActiveCfg = Release|Any CPU
		{7C4026CA-6434-4762-8B77-D657EAEE1325}.Release|Any CPU.Build.0 = Release|Any CPU
		{FF3E6E08-E8E4-4523-B526-847CD989279F}.Debug|Any CPU.ActiveCfg = Debug|Any CPU
		{FF3E6E08-E8E4-4523-B526-847CD989279F}.Debug|Any CPU.Build.0 = Debug|Any CPU
		{FF3E6E08-E8E4-4523-B526-847CD989279F}.Release|Any CPU.ActiveCfg = Release|Any CPU
		{FF3E6E08-E8E4-4523-B526-847CD989279F}.Release|Any CPU.Build.0 = Release|Any CPU
		{0935622B-9377-4056-8343-AE6ECDC274CF}.Debug|Any CPU.ActiveCfg = Debug|Any CPU
		{0935622B-9377-4056-8343-AE6ECDC274CF}.Debug|Any CPU.Build.0 = Debug|Any CPU
		{0935622B-9377-4056-8343-AE6ECDC274CF}.Release|Any CPU.ActiveCfg = Release|Any CPU
		{0935622B-9377-4056-8343-AE6ECDC274CF}.Release|Any CPU.Build.0 = Release|Any CPU
		{DE9130A4-F30A-49D7-8834-41DE3021218B}.Debug|Any CPU.ActiveCfg = Debug|Any CPU
		{DE9130A4-F30A-49D7-8834-41DE3021218B}.Debug|Any CPU.Build.0 = Debug|Any CPU
		{DE9130A4-F30A-49D7-8834-41DE3021218B}.Release|Any CPU.ActiveCfg = Release|Any CPU
		{DE9130A4-F30A-49D7-8834-41DE3021218B}.Release|Any CPU.Build.0 = Release|Any CPU
		{07336602-860B-4975-95DD-405D19C00901}.Debug|Any CPU.ActiveCfg = Debug|Any CPU
		{07336602-860B-4975-95DD-405D19C00901}.Debug|Any CPU.Build.0 = Debug|Any CPU
		{07336602-860B-4975-95DD-405D19C00901}.Release|Any CPU.ActiveCfg = Release|Any CPU
		{07336602-860B-4975-95DD-405D19C00901}.Release|Any CPU.Build.0 = Release|Any CPU
		{FA7A6F67-1F2F-4855-890D-51B5829578A9}.Debug|Any CPU.ActiveCfg = Debug|Any CPU
		{FA7A6F67-1F2F-4855-890D-51B5829578A9}.Debug|Any CPU.Build.0 = Debug|Any CPU
		{FA7A6F67-1F2F-4855-890D-51B5829578A9}.Release|Any CPU.ActiveCfg = Release|Any CPU
		{FA7A6F67-1F2F-4855-890D-51B5829578A9}.Release|Any CPU.Build.0 = Release|Any CPU
		{5435517C-AEC5-4182-87AE-14E13D31525F}.Debug|Any CPU.ActiveCfg = Debug|Any CPU
		{5435517C-AEC5-4182-87AE-14E13D31525F}.Debug|Any CPU.Build.0 = Debug|Any CPU
		{5435517C-AEC5-4182-87AE-14E13D31525F}.Release|Any CPU.ActiveCfg = Release|Any CPU
		{5435517C-AEC5-4182-87AE-14E13D31525F}.Release|Any CPU.Build.0 = Release|Any CPU
		{FCDCF532-A163-40DA-80B7-7530AA1182C4}.Debug|Any CPU.ActiveCfg = Debug|Any CPU
		{FCDCF532-A163-40DA-80B7-7530AA1182C4}.Debug|Any CPU.Build.0 = Debug|Any CPU
		{FCDCF532-A163-40DA-80B7-7530AA1182C4}.Release|Any CPU.ActiveCfg = Release|Any CPU
		{FCDCF532-A163-40DA-80B7-7530AA1182C4}.Release|Any CPU.Build.0 = Release|Any CPU
		{EAAC5A3C-708A-4609-A21F-8E5221AB58F2}.Debug|Any CPU.ActiveCfg = Debug|Any CPU
		{EAAC5A3C-708A-4609-A21F-8E5221AB58F2}.Debug|Any CPU.Build.0 = Debug|Any CPU
		{EAAC5A3C-708A-4609-A21F-8E5221AB58F2}.Release|Any CPU.ActiveCfg = Release|Any CPU
		{EAAC5A3C-708A-4609-A21F-8E5221AB58F2}.Release|Any CPU.Build.0 = Release|Any CPU
		{DB942F5A-D571-4DEA-B1A7-B6BE0E24E6ED}.Debug|Any CPU.ActiveCfg = Debug|Any CPU
		{DB942F5A-D571-4DEA-B1A7-B6BE0E24E6ED}.Debug|Any CPU.Build.0 = Debug|Any CPU
		{DB942F5A-D571-4DEA-B1A7-B6BE0E24E6ED}.Release|Any CPU.ActiveCfg = Release|Any CPU
		{DB942F5A-D571-4DEA-B1A7-B6BE0E24E6ED}.Release|Any CPU.Build.0 = Release|Any CPU
		{B3F03725-23A0-4582-9526-F6A7E38F35CC}.Debug|Any CPU.ActiveCfg = Debug|Any CPU
		{B3F03725-23A0-4582-9526-F6A7E38F35CC}.Debug|Any CPU.Build.0 = Debug|Any CPU
		{B3F03725-23A0-4582-9526-F6A7E38F35CC}.Release|Any CPU.ActiveCfg = Release|Any CPU
		{B3F03725-23A0-4582-9526-F6A7E38F35CC}.Release|Any CPU.Build.0 = Release|Any CPU
		{9BCEA68B-50E2-4A3A-93E6-B51AF612BCC1}.Debug|Any CPU.ActiveCfg = Debug|Any CPU
		{9BCEA68B-50E2-4A3A-93E6-B51AF612BCC1}.Debug|Any CPU.Build.0 = Debug|Any CPU
		{9BCEA68B-50E2-4A3A-93E6-B51AF612BCC1}.Release|Any CPU.ActiveCfg = Release|Any CPU
		{9BCEA68B-50E2-4A3A-93E6-B51AF612BCC1}.Release|Any CPU.Build.0 = Release|Any CPU
		{13C10C9A-07E8-43EB-91F5-C2B116FBE0FC}.Debug|Any CPU.ActiveCfg = Debug|Any CPU
		{13C10C9A-07E8-43EB-91F5-C2B116FBE0FC}.Debug|Any CPU.Build.0 = Debug|Any CPU
		{13C10C9A-07E8-43EB-91F5-C2B116FBE0FC}.Release|Any CPU.ActiveCfg = Release|Any CPU
		{13C10C9A-07E8-43EB-91F5-C2B116FBE0FC}.Release|Any CPU.Build.0 = Release|Any CPU
		{08D29501-F0A3-468F-B18D-BD1821A72383}.Debug|Any CPU.ActiveCfg = Debug|Any CPU
		{08D29501-F0A3-468F-B18D-BD1821A72383}.Debug|Any CPU.Build.0 = Debug|Any CPU
		{08D29501-F0A3-468F-B18D-BD1821A72383}.Release|Any CPU.ActiveCfg = Release|Any CPU
		{08D29501-F0A3-468F-B18D-BD1821A72383}.Release|Any CPU.Build.0 = Release|Any CPU
		{64E3D8BB-93AB-4571-93F7-ED8D64DFFD06}.Debug|Any CPU.ActiveCfg = Debug|Any CPU
		{64E3D8BB-93AB-4571-93F7-ED8D64DFFD06}.Debug|Any CPU.Build.0 = Debug|Any CPU
		{64E3D8BB-93AB-4571-93F7-ED8D64DFFD06}.Release|Any CPU.ActiveCfg = Release|Any CPU
		{64E3D8BB-93AB-4571-93F7-ED8D64DFFD06}.Release|Any CPU.Build.0 = Release|Any CPU
		{E7F491CC-C37E-4A56-9CA7-8F77F59E0614}.Debug|Any CPU.ActiveCfg = Debug|Any CPU
		{E7F491CC-C37E-4A56-9CA7-8F77F59E0614}.Debug|Any CPU.Build.0 = Debug|Any CPU
		{E7F491CC-C37E-4A56-9CA7-8F77F59E0614}.Release|Any CPU.ActiveCfg = Release|Any CPU
		{E7F491CC-C37E-4A56-9CA7-8F77F59E0614}.Release|Any CPU.Build.0 = Release|Any CPU
		{EA60B549-F712-4ABE-8E44-FCA83B78C06E}.Debug|Any CPU.ActiveCfg = Debug|Any CPU
		{EA60B549-F712-4ABE-8E44-FCA83B78C06E}.Debug|Any CPU.Build.0 = Debug|Any CPU
		{EA60B549-F712-4ABE-8E44-FCA83B78C06E}.Release|Any CPU.ActiveCfg = Release|Any CPU
		{EA60B549-F712-4ABE-8E44-FCA83B78C06E}.Release|Any CPU.Build.0 = Release|Any CPU
		{0C3E7D40-E0B3-4B77-8139-0E85C3600688}.Debug|Any CPU.ActiveCfg = Debug|Any CPU
		{0C3E7D40-E0B3-4B77-8139-0E85C3600688}.Debug|Any CPU.Build.0 = Debug|Any CPU
		{0C3E7D40-E0B3-4B77-8139-0E85C3600688}.Release|Any CPU.ActiveCfg = Release|Any CPU
		{0C3E7D40-E0B3-4B77-8139-0E85C3600688}.Release|Any CPU.Build.0 = Release|Any CPU
		{1F9D7748-D099-4E25-97F5-9C969D6FF969}.Debug|Any CPU.ActiveCfg = Debug|Any CPU
		{1F9D7748-D099-4E25-97F5-9C969D6FF969}.Debug|Any CPU.Build.0 = Debug|Any CPU
		{1F9D7748-D099-4E25-97F5-9C969D6FF969}.Release|Any CPU.ActiveCfg = Release|Any CPU
		{1F9D7748-D099-4E25-97F5-9C969D6FF969}.Release|Any CPU.Build.0 = Release|Any CPU
		{A885DBE2-4B82-432C-A77B-19844D7BBC96}.Debug|Any CPU.ActiveCfg = Debug|Any CPU
		{A885DBE2-4B82-432C-A77B-19844D7BBC96}.Debug|Any CPU.Build.0 = Debug|Any CPU
		{A885DBE2-4B82-432C-A77B-19844D7BBC96}.Release|Any CPU.ActiveCfg = Release|Any CPU
		{A885DBE2-4B82-432C-A77B-19844D7BBC96}.Release|Any CPU.Build.0 = Release|Any CPU
		{81234AFA-B4E7-4D0D-AB97-FD559C78EDA2}.Debug|Any CPU.ActiveCfg = Debug|Any CPU
		{81234AFA-B4E7-4D0D-AB97-FD559C78EDA2}.Debug|Any CPU.Build.0 = Debug|Any CPU
		{81234AFA-B4E7-4D0D-AB97-FD559C78EDA2}.Release|Any CPU.ActiveCfg = Release|Any CPU
		{81234AFA-B4E7-4D0D-AB97-FD559C78EDA2}.Release|Any CPU.Build.0 = Release|Any CPU
		{2770158A-D220-414B-ABC6-179371323579}.Debug|Any CPU.ActiveCfg = Debug|Any CPU
		{2770158A-D220-414B-ABC6-179371323579}.Debug|Any CPU.Build.0 = Debug|Any CPU
		{2770158A-D220-414B-ABC6-179371323579}.Release|Any CPU.ActiveCfg = Release|Any CPU
		{2770158A-D220-414B-ABC6-179371323579}.Release|Any CPU.Build.0 = Release|Any CPU
		{41B784AA-3301-4126-AF9F-1D59BD04B0BF}.Debug|Any CPU.ActiveCfg = Debug|Any CPU
		{41B784AA-3301-4126-AF9F-1D59BD04B0BF}.Debug|Any CPU.Build.0 = Debug|Any CPU
		{41B784AA-3301-4126-AF9F-1D59BD04B0BF}.Release|Any CPU.ActiveCfg = Release|Any CPU
		{41B784AA-3301-4126-AF9F-1D59BD04B0BF}.Release|Any CPU.Build.0 = Release|Any CPU
		{6C7A1595-36D6-4229-BBB5-5A6B5791791D}.Debug|Any CPU.ActiveCfg = Debug|Any CPU
		{6C7A1595-36D6-4229-BBB5-5A6B5791791D}.Debug|Any CPU.Build.0 = Debug|Any CPU
		{6C7A1595-36D6-4229-BBB5-5A6B5791791D}.Release|Any CPU.ActiveCfg = Release|Any CPU
		{6C7A1595-36D6-4229-BBB5-5A6B5791791D}.Release|Any CPU.Build.0 = Release|Any CPU
		{E91B2E40-E428-43B3-8A43-09709F0E69E4}.Debug|Any CPU.ActiveCfg = Debug|Any CPU
		{E91B2E40-E428-43B3-8A43-09709F0E69E4}.Debug|Any CPU.Build.0 = Debug|Any CPU
		{E91B2E40-E428-43B3-8A43-09709F0E69E4}.Release|Any CPU.ActiveCfg = Release|Any CPU
		{E91B2E40-E428-43B3-8A43-09709F0E69E4}.Release|Any CPU.Build.0 = Release|Any CPU
		{476D804B-BFEC-4D34-814C-DFFD97109989}.Debug|Any CPU.ActiveCfg = Debug|Any CPU
		{476D804B-BFEC-4D34-814C-DFFD97109989}.Debug|Any CPU.Build.0 = Debug|Any CPU
		{476D804B-BFEC-4D34-814C-DFFD97109989}.Release|Any CPU.ActiveCfg = Release|Any CPU
		{476D804B-BFEC-4D34-814C-DFFD97109989}.Release|Any CPU.Build.0 = Release|Any CPU
		{9A07D215-90AC-4BAF-BCDB-73D74FD3A5C5}.Debug|Any CPU.ActiveCfg = Debug|Any CPU
		{9A07D215-90AC-4BAF-BCDB-73D74FD3A5C5}.Debug|Any CPU.Build.0 = Debug|Any CPU
		{9A07D215-90AC-4BAF-BCDB-73D74FD3A5C5}.Release|Any CPU.ActiveCfg = Release|Any CPU
		{9A07D215-90AC-4BAF-BCDB-73D74FD3A5C5}.Release|Any CPU.Build.0 = Release|Any CPU
		{4298057B-24E0-47B3-BB76-C17E81AF6B39}.Debug|Any CPU.ActiveCfg = Debug|Any CPU
		{4298057B-24E0-47B3-BB76-C17E81AF6B39}.Debug|Any CPU.Build.0 = Debug|Any CPU
		{4298057B-24E0-47B3-BB76-C17E81AF6B39}.Release|Any CPU.ActiveCfg = Release|Any CPU
		{4298057B-24E0-47B3-BB76-C17E81AF6B39}.Release|Any CPU.Build.0 = Release|Any CPU
		{921CF401-4C2F-4C6D-A750-0B5DC457C1F1}.Debug|Any CPU.ActiveCfg = Debug|Any CPU
		{921CF401-4C2F-4C6D-A750-0B5DC457C1F1}.Debug|Any CPU.Build.0 = Debug|Any CPU
		{921CF401-4C2F-4C6D-A750-0B5DC457C1F1}.Release|Any CPU.ActiveCfg = Release|Any CPU
		{921CF401-4C2F-4C6D-A750-0B5DC457C1F1}.Release|Any CPU.Build.0 = Release|Any CPU
		{6B0232B7-5F29-4FB5-B383-1AA02DFE1089}.Debug|Any CPU.ActiveCfg = Debug|Any CPU
		{6B0232B7-5F29-4FB5-B383-1AA02DFE1089}.Debug|Any CPU.Build.0 = Debug|Any CPU
		{6B0232B7-5F29-4FB5-B383-1AA02DFE1089}.Release|Any CPU.ActiveCfg = Release|Any CPU
		{6B0232B7-5F29-4FB5-B383-1AA02DFE1089}.Release|Any CPU.Build.0 = Release|Any CPU
		{FBD12B0B-6731-4DD4-9C13-86F34593E974}.Debug|Any CPU.ActiveCfg = Debug|Any CPU
		{FBD12B0B-6731-4DD4-9C13-86F34593E974}.Debug|Any CPU.Build.0 = Debug|Any CPU
		{FBD12B0B-6731-4DD4-9C13-86F34593E974}.Release|Any CPU.ActiveCfg = Release|Any CPU
		{FBD12B0B-6731-4DD4-9C13-86F34593E974}.Release|Any CPU.Build.0 = Release|Any CPU
		{4EF4364F-6E64-43CE-BED1-E6FE01024899}.Debug|Any CPU.ActiveCfg = Debug|Any CPU
		{4EF4364F-6E64-43CE-BED1-E6FE01024899}.Debug|Any CPU.Build.0 = Debug|Any CPU
		{4EF4364F-6E64-43CE-BED1-E6FE01024899}.Release|Any CPU.ActiveCfg = Release|Any CPU
		{4EF4364F-6E64-43CE-BED1-E6FE01024899}.Release|Any CPU.Build.0 = Release|Any CPU
		{5697662B-5F14-4E32-BB11-1D8942782AB6}.Debug|Any CPU.ActiveCfg = Debug|Any CPU
		{5697662B-5F14-4E32-BB11-1D8942782AB6}.Debug|Any CPU.Build.0 = Debug|Any CPU
		{5697662B-5F14-4E32-BB11-1D8942782AB6}.Release|Any CPU.ActiveCfg = Release|Any CPU
		{5697662B-5F14-4E32-BB11-1D8942782AB6}.Release|Any CPU.Build.0 = Release|Any CPU
		{5FDAF679-DE5A-4C73-A49B-8ABCF2399229}.Debug|Any CPU.ActiveCfg = Debug|Any CPU
		{5FDAF679-DE5A-4C73-A49B-8ABCF2399229}.Debug|Any CPU.Build.0 = Debug|Any CPU
		{5FDAF679-DE5A-4C73-A49B-8ABCF2399229}.Release|Any CPU.ActiveCfg = Release|Any CPU
		{5FDAF679-DE5A-4C73-A49B-8ABCF2399229}.Release|Any CPU.Build.0 = Release|Any CPU
		{9AAB00EC-ED6F-4462-82DE-7D864A9DB6C5}.Debug|Any CPU.ActiveCfg = Debug|Any CPU
		{9AAB00EC-ED6F-4462-82DE-7D864A9DB6C5}.Debug|Any CPU.Build.0 = Debug|Any CPU
		{9AAB00EC-ED6F-4462-82DE-7D864A9DB6C5}.Release|Any CPU.ActiveCfg = Release|Any CPU
		{9AAB00EC-ED6F-4462-82DE-7D864A9DB6C5}.Release|Any CPU.Build.0 = Release|Any CPU
		{A2DF46DE-50D7-4887-8C9D-4BD79CA19FAA}.Debug|Any CPU.ActiveCfg = Debug|Any CPU
		{A2DF46DE-50D7-4887-8C9D-4BD79CA19FAA}.Debug|Any CPU.Build.0 = Debug|Any CPU
		{A2DF46DE-50D7-4887-8C9D-4BD79CA19FAA}.Release|Any CPU.ActiveCfg = Release|Any CPU
		{A2DF46DE-50D7-4887-8C9D-4BD79CA19FAA}.Release|Any CPU.Build.0 = Release|Any CPU
		{011E70E1-152A-47BB-AF83-12DD12B125ED}.Debug|Any CPU.ActiveCfg = Debug|Any CPU
		{011E70E1-152A-47BB-AF83-12DD12B125ED}.Debug|Any CPU.Build.0 = Debug|Any CPU
		{011E70E1-152A-47BB-AF83-12DD12B125ED}.Release|Any CPU.ActiveCfg = Release|Any CPU
		{011E70E1-152A-47BB-AF83-12DD12B125ED}.Release|Any CPU.Build.0 = Release|Any CPU
		{171A87CB-393C-4296-913F-E704CD8CEAE9}.Debug|Any CPU.ActiveCfg = Debug|Any CPU
		{171A87CB-393C-4296-913F-E704CD8CEAE9}.Debug|Any CPU.Build.0 = Debug|Any CPU
		{171A87CB-393C-4296-913F-E704CD8CEAE9}.Release|Any CPU.ActiveCfg = Release|Any CPU
		{171A87CB-393C-4296-913F-E704CD8CEAE9}.Release|Any CPU.Build.0 = Release|Any CPU
		{662476AA-5875-4E74-B992-DDF309168EFB}.Debug|Any CPU.ActiveCfg = Debug|Any CPU
		{662476AA-5875-4E74-B992-DDF309168EFB}.Debug|Any CPU.Build.0 = Debug|Any CPU
		{662476AA-5875-4E74-B992-DDF309168EFB}.Release|Any CPU.ActiveCfg = Release|Any CPU
		{662476AA-5875-4E74-B992-DDF309168EFB}.Release|Any CPU.Build.0 = Release|Any CPU
		{DEDE8442-03CA-48CF-99B9-EA224D89D148}.Debug|Any CPU.ActiveCfg = Debug|Any CPU
		{DEDE8442-03CA-48CF-99B9-EA224D89D148}.Debug|Any CPU.Build.0 = Debug|Any CPU
		{DEDE8442-03CA-48CF-99B9-EA224D89D148}.Release|Any CPU.ActiveCfg = Release|Any CPU
		{DEDE8442-03CA-48CF-99B9-EA224D89D148}.Release|Any CPU.Build.0 = Release|Any CPU
		{EF4F6280-14D1-49D4-8095-1AC36E169AA8}.Debug|Any CPU.ActiveCfg = Debug|Any CPU
		{EF4F6280-14D1-49D4-8095-1AC36E169AA8}.Debug|Any CPU.Build.0 = Debug|Any CPU
		{EF4F6280-14D1-49D4-8095-1AC36E169AA8}.Release|Any CPU.ActiveCfg = Release|Any CPU
		{EF4F6280-14D1-49D4-8095-1AC36E169AA8}.Release|Any CPU.Build.0 = Release|Any CPU
		{A0C0B77C-6C7B-4EC2-AC61-EA1F489811B9}.Debug|Any CPU.ActiveCfg = Debug|Any CPU
		{A0C0B77C-6C7B-4EC2-AC61-EA1F489811B9}.Debug|Any CPU.Build.0 = Debug|Any CPU
		{A0C0B77C-6C7B-4EC2-AC61-EA1F489811B9}.Release|Any CPU.ActiveCfg = Release|Any CPU
		{A0C0B77C-6C7B-4EC2-AC61-EA1F489811B9}.Release|Any CPU.Build.0 = Release|Any CPU
		{800DB925-6014-4136-AC01-3356CF7CADD3}.Debug|Any CPU.ActiveCfg = Debug|Any CPU
		{800DB925-6014-4136-AC01-3356CF7CADD3}.Debug|Any CPU.Build.0 = Debug|Any CPU
		{800DB925-6014-4136-AC01-3356CF7CADD3}.Release|Any CPU.ActiveCfg = Release|Any CPU
		{800DB925-6014-4136-AC01-3356CF7CADD3}.Release|Any CPU.Build.0 = Release|Any CPU
		{9C99621C-343E-479C-A943-332DB6129B71}.Debug|Any CPU.ActiveCfg = Debug|Any CPU
		{9C99621C-343E-479C-A943-332DB6129B71}.Debug|Any CPU.Build.0 = Debug|Any CPU
		{9C99621C-343E-479C-A943-332DB6129B71}.Release|Any CPU.ActiveCfg = Release|Any CPU
		{9C99621C-343E-479C-A943-332DB6129B71}.Release|Any CPU.Build.0 = Release|Any CPU
		{13A59BD9-9475-4991-B74D-7C20F1C63409}.Debug|Any CPU.ActiveCfg = Debug|Any CPU
		{13A59BD9-9475-4991-B74D-7C20F1C63409}.Debug|Any CPU.Build.0 = Debug|Any CPU
		{13A59BD9-9475-4991-B74D-7C20F1C63409}.Release|Any CPU.ActiveCfg = Release|Any CPU
		{13A59BD9-9475-4991-B74D-7C20F1C63409}.Release|Any CPU.Build.0 = Release|Any CPU
		{62AF4BD3-DCAE-4D44-AA5B-991C1071166B}.Debug|Any CPU.ActiveCfg = Debug|Any CPU
		{62AF4BD3-DCAE-4D44-AA5B-991C1071166B}.Debug|Any CPU.Build.0 = Debug|Any CPU
		{62AF4BD3-DCAE-4D44-AA5B-991C1071166B}.Release|Any CPU.ActiveCfg = Release|Any CPU
		{62AF4BD3-DCAE-4D44-AA5B-991C1071166B}.Release|Any CPU.Build.0 = Release|Any CPU
		{777C04B8-1BD5-43D7-B3CD-D2189DFABCF3}.Debug|Any CPU.ActiveCfg = Debug|Any CPU
		{777C04B8-1BD5-43D7-B3CD-D2189DFABCF3}.Debug|Any CPU.Build.0 = Debug|Any CPU
		{777C04B8-1BD5-43D7-B3CD-D2189DFABCF3}.Release|Any CPU.ActiveCfg = Release|Any CPU
		{777C04B8-1BD5-43D7-B3CD-D2189DFABCF3}.Release|Any CPU.Build.0 = Release|Any CPU
		{99B4D965-8782-4694-8DFA-B7A3630CEF60}.Debug|Any CPU.ActiveCfg = Debug|Any CPU
		{99B4D965-8782-4694-8DFA-B7A3630CEF60}.Debug|Any CPU.Build.0 = Debug|Any CPU
		{99B4D965-8782-4694-8DFA-B7A3630CEF60}.Release|Any CPU.ActiveCfg = Release|Any CPU
		{99B4D965-8782-4694-8DFA-B7A3630CEF60}.Release|Any CPU.Build.0 = Release|Any CPU
		{B4856711-6D4C-4246-A686-49458D4C1301}.Debug|Any CPU.ActiveCfg = Debug|Any CPU
		{B4856711-6D4C-4246-A686-49458D4C1301}.Debug|Any CPU.Build.0 = Debug|Any CPU
		{B4856711-6D4C-4246-A686-49458D4C1301}.Release|Any CPU.ActiveCfg = Release|Any CPU
		{B4856711-6D4C-4246-A686-49458D4C1301}.Release|Any CPU.Build.0 = Release|Any CPU
		{7BE494FC-4B0D-4340-A62A-9C9F3E7389FE}.Debug|Any CPU.ActiveCfg = Debug|Any CPU
		{7BE494FC-4B0D-4340-A62A-9C9F3E7389FE}.Debug|Any CPU.Build.0 = Debug|Any CPU
		{7BE494FC-4B0D-4340-A62A-9C9F3E7389FE}.Release|Any CPU.ActiveCfg = Release|Any CPU
		{7BE494FC-4B0D-4340-A62A-9C9F3E7389FE}.Release|Any CPU.Build.0 = Release|Any CPU
		{19545B37-8518-4BDD-AD49-00C031FB3C2A}.Debug|Any CPU.ActiveCfg = Debug|Any CPU
		{19545B37-8518-4BDD-AD49-00C031FB3C2A}.Debug|Any CPU.Build.0 = Debug|Any CPU
		{19545B37-8518-4BDD-AD49-00C031FB3C2A}.Release|Any CPU.ActiveCfg = Release|Any CPU
		{19545B37-8518-4BDD-AD49-00C031FB3C2A}.Release|Any CPU.Build.0 = Release|Any CPU
		{79C12C80-B27B-41FB-AE79-A3BB74CFA782}.Debug|Any CPU.ActiveCfg = Debug|Any CPU
		{79C12C80-B27B-41FB-AE79-A3BB74CFA782}.Debug|Any CPU.Build.0 = Debug|Any CPU
		{79C12C80-B27B-41FB-AE79-A3BB74CFA782}.Release|Any CPU.ActiveCfg = Release|Any CPU
		{79C12C80-B27B-41FB-AE79-A3BB74CFA782}.Release|Any CPU.Build.0 = Release|Any CPU
	EndGlobalSection
	GlobalSection(SolutionProperties) = preSolution
		HideSolutionNode = FALSE
	EndGlobalSection
	GlobalSection(NestedProjects) = preSolution
		{A533C800-3DC3-4D04-90A7-0CE7A1E6BDB3} = {F1D0972B-38CF-49C2-9F4B-4C5DE02FB71D}
		{E69578EB-B456-4062-A645-877CD964528B} = {F1D0972B-38CF-49C2-9F4B-4C5DE02FB71D}
		{C1542297-8763-4DF4-957C-489ED771C21D} = {7CB2F02E-03FA-4FFF-89A5-C51F107623FD}
		{D2E73927-5966-445C-94E9-EFE6F269C8D5} = {7CB2F02E-03FA-4FFF-89A5-C51F107623FD}
		{FF3E6E08-E8E4-4523-B526-847CD989279F} = {E359BB2B-9AEC-497D-B321-7DF2450C3B8E}
		{0935622B-9377-4056-8343-AE6ECDC274CF} = {E359BB2B-9AEC-497D-B321-7DF2450C3B8E}
		{2C7DD1DA-C229-4D9E-9AF0-BCD5CD3E4948} = {7CB2F02E-03FA-4FFF-89A5-C51F107623FD}
		{5B7FB835-3FFF-4BC2-99C5-A5B5FAE3C818} = {7C87CAF9-79D7-4C26-9FFB-F3F1FB6911F1}
		{3277B1C0-BDFE-4460-9B0D-D9A661FB48DB} = {7C87CAF9-79D7-4C26-9FFB-F3F1FB6911F1}
		{3862190B-E2C5-418E-AFDC-DB281FB5C705} = {7C87CAF9-79D7-4C26-9FFB-F3F1FB6911F1}
		{4D492D62-5150-45F9-817F-C99562E364E2} = {E359BB2B-9AEC-497D-B321-7DF2450C3B8E}
		{07336602-860B-4975-95DD-405D19C00901} = {4D492D62-5150-45F9-817F-C99562E364E2}
		{FA7A6F67-1F2F-4855-890D-51B5829578A9} = {4D492D62-5150-45F9-817F-C99562E364E2}
		{5435517C-AEC5-4182-87AE-14E13D31525F} = {4D492D62-5150-45F9-817F-C99562E364E2}
		{CB401DF1-FF5C-4055-886E-1183E832B2D6} = {7CB2F02E-03FA-4FFF-89A5-C51F107623FD}
		{FCDCF532-A163-40DA-80B7-7530AA1182C4} = {5B7FB835-3FFF-4BC2-99C5-A5B5FAE3C818}
		{DB942F5A-D571-4DEA-B1A7-B6BE0E24E6ED} = {E359BB2B-9AEC-497D-B321-7DF2450C3B8E}
		{B3F03725-23A0-4582-9526-F6A7E38F35CC} = {3862190B-E2C5-418E-AFDC-DB281FB5C705}
		{13C10C9A-07E8-43EB-91F5-C2B116FBE0FC} = {3862190B-E2C5-418E-AFDC-DB281FB5C705}
		{08D29501-F0A3-468F-B18D-BD1821A72383} = {5B7FB835-3FFF-4BC2-99C5-A5B5FAE3C818}
		{64E3D8BB-93AB-4571-93F7-ED8D64DFFD06} = {5B7FB835-3FFF-4BC2-99C5-A5B5FAE3C818}
		{E7F491CC-C37E-4A56-9CA7-8F77F59E0614} = {3277B1C0-BDFE-4460-9B0D-D9A661FB48DB}
		{EA60B549-F712-4ABE-8E44-FCA83B78C06E} = {3277B1C0-BDFE-4460-9B0D-D9A661FB48DB}
		{0C3E7D40-E0B3-4B77-8139-0E85C3600688} = {3277B1C0-BDFE-4460-9B0D-D9A661FB48DB}
		{1F9D7748-D099-4E25-97F5-9C969D6FF969} = {3277B1C0-BDFE-4460-9B0D-D9A661FB48DB}
		{81234AFA-B4E7-4D0D-AB97-FD559C78EDA2} = {3277B1C0-BDFE-4460-9B0D-D9A661FB48DB}
		{41B784AA-3301-4126-AF9F-1D59BD04B0BF} = {3277B1C0-BDFE-4460-9B0D-D9A661FB48DB}
		{6C7A1595-36D6-4229-BBB5-5A6B5791791D} = {3862190B-E2C5-418E-AFDC-DB281FB5C705}
		{9A07D215-90AC-4BAF-BCDB-73D74FD3A5C5} = {3862190B-E2C5-418E-AFDC-DB281FB5C705}
		{5FDAF679-DE5A-4C73-A49B-8ABCF2399229} = {77C7929A-2EED-4AA6-8705-B5C443C8AA0F}
		{9AAB00EC-ED6F-4462-82DE-7D864A9DB6C5} = {3862190B-E2C5-418E-AFDC-DB281FB5C705}
		{A2DF46DE-50D7-4887-8C9D-4BD79CA19FAA} = {3862190B-E2C5-418E-AFDC-DB281FB5C705}
		{DEDE8442-03CA-48CF-99B9-EA224D89D148} = {5B7FB835-3FFF-4BC2-99C5-A5B5FAE3C818}
		{EF4F6280-14D1-49D4-8095-1AC36E169AA8} = {5B7FB835-3FFF-4BC2-99C5-A5B5FAE3C818}
		{A0C0B77C-6C7B-4EC2-AC61-EA1F489811B9} = {5B7FB835-3FFF-4BC2-99C5-A5B5FAE3C818}
		{800DB925-6014-4136-AC01-3356CF7CADD3} = {5B7FB835-3FFF-4BC2-99C5-A5B5FAE3C818}
		{9C99621C-343E-479C-A943-332DB6129B71} = {5B7FB835-3FFF-4BC2-99C5-A5B5FAE3C818}
		{62AF4BD3-DCAE-4D44-AA5B-991C1071166B} = {5B7FB835-3FFF-4BC2-99C5-A5B5FAE3C818}
		{6D4B4FB2-0A8A-4044-948B-C063FD340439} = {A49299FB-C5CD-4E0E-B7E1-B7867BBD67CC}
		{494902DD-C63F-48E0-BED3-B58EFB4051C8} = {A49299FB-C5CD-4E0E-B7E1-B7867BBD67CC}
		{A0CB9A10-F22D-4E66-A449-74B3D0361A9C} = {A49299FB-C5CD-4E0E-B7E1-B7867BBD67CC}
		{1C459B5B-C702-46FF-BF1A-EE795E420FFA} = {A49299FB-C5CD-4E0E-B7E1-B7867BBD67CC}
		{99B4D965-8782-4694-8DFA-B7A3630CEF60} = {3862190B-E2C5-418E-AFDC-DB281FB5C705}
		{B4856711-6D4C-4246-A686-49458D4C1301} = {5B7FB835-3FFF-4BC2-99C5-A5B5FAE3C818}
		{52AF6D7D-9E66-4234-9A2C-5D16C6F22B40} = {7C87CAF9-79D7-4C26-9FFB-F3F1FB6911F1}
		{17A22B0E-6EC3-4A39-B955-0A486AD06699} = {52AF6D7D-9E66-4234-9A2C-5D16C6F22B40}
		{A115CE4C-71A8-4B95-96A5-C1DF46FD94C2} = {7C87CAF9-79D7-4C26-9FFB-F3F1FB6911F1}
		{7BE494FC-4B0D-4340-A62A-9C9F3E7389FE} = {A115CE4C-71A8-4B95-96A5-C1DF46FD94C2}
		{19545B37-8518-4BDD-AD49-00C031FB3C2A} = {3862190B-E2C5-418E-AFDC-DB281FB5C705}
		{87A20A76-D524-4AAC-AF92-8725BFED0415} = {A49299FB-C5CD-4E0E-B7E1-B7867BBD67CC}
		{993E65E5-E71B-40FD-871C-60A9EBD59724} = {A49299FB-C5CD-4E0E-B7E1-B7867BBD67CC}
		{44982E0D-C8C6-42DC-9F8F-714981F27CE6} = {7CB2F02E-03FA-4FFF-89A5-C51F107623FD}
		{79C12C80-B27B-41FB-AE79-A3BB74CFA782} = {3277B1C0-BDFE-4460-9B0D-D9A661FB48DB}
		{02EA681E-C7D8-13C7-8484-4AC65E1B71E8} = {A49299FB-C5CD-4E0E-B7E1-B7867BBD67CC}
	EndGlobalSection
	GlobalSection(ExtensibilityGlobals) = postSolution
		SolutionGuid = {55639B5C-0770-4A22-AB56-859604650521}
	EndGlobalSection
EndGlobal
