
Microsoft Visual Studio Solution File, Format Version 12.00
# Visual Studio Version 17
VisualStudioVersion = 17.8.34302.71
MinimumVisualStudioVersion = 10.0.40219.1
Project("{9A19103F-16F7-4668-BE54-9A1E7A4F7556}") = "Examples.AspNetCore", "AspNetCore\Examples.AspNetCore.csproj", "{F04BB92F-8084-42D3-A137-829296CF88D8}"
EndProject
Project("{9A19103F-16F7-4668-BE54-9A1E7A4F7556}") = "Examples.Console", "Console\Examples.Console.csproj", "{770D401E-73A5-4981-97BB-06564A6709F9}"
EndProject
Global
	GlobalSection(SolutionConfigurationPlatforms) = preSolution
		Debug|Any CPU = Debug|Any CPU
		Release|Any CPU = Release|Any CPU
	EndGlobalSection
	GlobalSection(ProjectConfigurationPlatforms) = postSolution
		{F04BB92F-8084-42D3-A137-829296CF88D8}.Debug|Any CPU.ActiveCfg = Debug|Any CPU
		{F04BB92F-8084-42D3-A137-829296CF88D8}.Debug|Any CPU.Build.0 = Debug|Any CPU
		{F04BB92F-8084-42D3-A137-829296CF88D8}.Release|Any CPU.ActiveCfg = Release|Any CPU
		{F04BB92F-8084-42D3-A137-829296CF88D8}.Release|Any CPU.Build.0 = Release|Any CPU
		{770D401E-73A5-4981-97BB-06564A6709F9}.Debug|Any CPU.ActiveCfg = Debug|Any CPU
		{770D401E-73A5-4981-97BB-06564A6709F9}.Debug|Any CPU.Build.0 = Debug|Any CPU
		{770D401E-73A5-4981-97BB-06564A6709F9}.Release|Any CPU.ActiveCfg = Release|Any CPU
		{770D401E-73A5-4981-97BB-06564A6709F9}.Release|Any CPU.Build.0 = Release|Any CPU
	EndGlobalSection
	GlobalSection(SolutionProperties) = preSolution
		HideSolutionNode = FALSE
	EndGlobalSection
	GlobalSection(ExtensibilityGlobals) = postSolution
		SolutionGuid = {FF9AD382-659F-4995-A889-5F9C1553CDE1}
	EndGlobalSection
EndGlobal
